// !$*UTF8*$!
{
	archiveVersion = 1;
	classes = {
	};
	objectVersion = 50;
	objects = {

/* Begin PBXBuildFile section */
		04F2D129C13DEAEAA11BE1E1 /* MainModuleOutput.swift in Sources */ = {isa = PBXBuildFile; fileRef = ED1BB72233F7DC23022ECDF6 /* MainModuleOutput.swift */; };
		0F32093C542C1D35D5B10FD2 /* Pods_TextFieldsCatalogTests.framework in Frameworks */ = {isa = PBXBuildFile; fileRef = FB3F76F65A96DD4D9A117E0E /* Pods_TextFieldsCatalogTests.framework */; };
		16EB969CE74359E1EEB87E33 /* BorderedFieldExampleViewController.swift in Sources */ = {isa = PBXBuildFile; fileRef = 97D8D77A5364A11DA0368B2B /* BorderedFieldExampleViewController.swift */; };
		2025FD598129275E76AD5751 /* MainViewController.swift in Sources */ = {isa = PBXBuildFile; fileRef = 08F9E1ECAFA665E89FD59024 /* MainViewController.swift */; };
		574AF82577C54960C5CD52BA /* MainViewOutput.swift in Sources */ = {isa = PBXBuildFile; fileRef = 87CFAB258D648BA3020F9A3E /* MainViewOutput.swift */; };
		6670098EB60FB428E14DB205 /* MainModuleInput.swift in Sources */ = {isa = PBXBuildFile; fileRef = 4BA133C6DFCF82F37CCF3E2E /* MainModuleInput.swift */; };
		70FD7545F96FFB53F0433FC3 /* BorderedFieldExampleModuleInput.swift in Sources */ = {isa = PBXBuildFile; fileRef = 8647334B31EFAFC00893CF54 /* BorderedFieldExampleModuleInput.swift */; };
		7525BB51471E3CED78A77DB4 /* BorderedFieldExampleViewOutput.swift in Sources */ = {isa = PBXBuildFile; fileRef = 7F0D1C3FABA61A3C964DC08D /* BorderedFieldExampleViewOutput.swift */; };
		7C0A272FC067CA9C308B9869 /* MainPresenter.swift in Sources */ = {isa = PBXBuildFile; fileRef = 2E1D2FB5D0AF7225009E3D9F /* MainPresenter.swift */; };
		8438070FE691B8242C2D20F2 /* MainViewInput.swift in Sources */ = {isa = PBXBuildFile; fileRef = D0A29BF97393846546F44A61 /* MainViewInput.swift */; };
		90736C2721F86099003B8B78 /* AppDelegate.swift in Sources */ = {isa = PBXBuildFile; fileRef = 90736C2621F86099003B8B78 /* AppDelegate.swift */; };
		90736C2E21F8609A003B8B78 /* Assets.xcassets in Resources */ = {isa = PBXBuildFile; fileRef = 90736C2D21F8609A003B8B78 /* Assets.xcassets */; };
		90736C3121F8609A003B8B78 /* LaunchScreen.storyboard in Resources */ = {isa = PBXBuildFile; fileRef = 90736C2F21F8609A003B8B78 /* LaunchScreen.storyboard */; };
		90736C3C21F8609B003B8B78 /* TextFieldsCatalogTests.swift in Sources */ = {isa = PBXBuildFile; fileRef = 90736C3B21F8609B003B8B78 /* TextFieldsCatalogTests.swift */; };
		90736C5221F877B4003B8B78 /* InnerTextField.swift in Sources */ = {isa = PBXBuildFile; fileRef = 90736C5121F877B4003B8B78 /* InnerTextField.swift */; };
		90736C5521F87827003B8B78 /* TextFieldValidation.swift in Sources */ = {isa = PBXBuildFile; fileRef = 90736C5421F87827003B8B78 /* TextFieldValidation.swift */; };
		90736C5821F8786C003B8B78 /* TextFieldValidator.swift in Sources */ = {isa = PBXBuildFile; fileRef = 90736C5721F8786C003B8B78 /* TextFieldValidator.swift */; };
		90736C5A21F878F0003B8B78 /* MaskTextFieldFormatter.swift in Sources */ = {isa = PBXBuildFile; fileRef = 90736C5921F878F0003B8B78 /* MaskTextFieldFormatter.swift */; };
		90736C5C21F87958003B8B78 /* FormatterMasks.swift in Sources */ = {isa = PBXBuildFile; fileRef = 90736C5B21F87958003B8B78 /* FormatterMasks.swift */; };
		90736C5F21F87A1B003B8B78 /* BorderedTextField.swift in Sources */ = {isa = PBXBuildFile; fileRef = 90736C5E21F87A1B003B8B78 /* BorderedTextField.swift */; };
		90736C6321F87A5E003B8B78 /* Color.swift in Sources */ = {isa = PBXBuildFile; fileRef = 90736C6221F87A5E003B8B78 /* Color.swift */; };
		90736C6521F87B4C003B8B78 /* DesignableView.swift in Sources */ = {isa = PBXBuildFile; fileRef = 90736C6421F87B4C003B8B78 /* DesignableView.swift */; };
		90736C6821F87B7A003B8B78 /* Foundation.swift in Sources */ = {isa = PBXBuildFile; fileRef = 90736C6721F87B7A003B8B78 /* Foundation.swift */; };
		90736C6A21F87CFD003B8B78 /* CommonButton.swift in Sources */ = {isa = PBXBuildFile; fileRef = 90736C6921F87CFD003B8B78 /* CommonButton.swift */; };
		90736C6C21F87D65003B8B78 /* UIImage.swift in Sources */ = {isa = PBXBuildFile; fileRef = 90736C6B21F87D65003B8B78 /* UIImage.swift */; };
		90736C6F21F87DD5003B8B78 /* IconButton.swift in Sources */ = {isa = PBXBuildFile; fileRef = 90736C6E21F87DD5003B8B78 /* IconButton.swift */; };
		90736C7121F87EAD003B8B78 /* UIColor.swift in Sources */ = {isa = PBXBuildFile; fileRef = 90736C7021F87EAD003B8B78 /* UIColor.swift */; };
		90736C7521F886B2003B8B78 /* Assets.swift in Sources */ = {isa = PBXBuildFile; fileRef = 90736C7421F886B2003B8B78 /* Assets.swift */; };
		90736C7921F88737003B8B78 /* Localizable.strings in Resources */ = {isa = PBXBuildFile; fileRef = 90736C7B21F88737003B8B78 /* Localizable.strings */; };
		90736C7E21F88891003B8B78 /* Strings.swift in Sources */ = {isa = PBXBuildFile; fileRef = 90736C7D21F88891003B8B78 /* Strings.swift */; };
		90736C8421F88ACE003B8B78 /* BaseCoordinator.swift in Sources */ = {isa = PBXBuildFile; fileRef = 90736C8321F88ACE003B8B78 /* BaseCoordinator.swift */; };
		90736C8621F88AF2003B8B78 /* Coordinator.swift in Sources */ = {isa = PBXBuildFile; fileRef = 90736C8521F88AF2003B8B78 /* Coordinator.swift */; };
		90736C8821F88B0A003B8B78 /* Presentable.swift in Sources */ = {isa = PBXBuildFile; fileRef = 90736C8721F88B0A003B8B78 /* Presentable.swift */; };
		90736C8A21F88B1E003B8B78 /* Router.swift in Sources */ = {isa = PBXBuildFile; fileRef = 90736C8921F88B1E003B8B78 /* Router.swift */; };
		90736C8C21F88B3B003B8B78 /* UIApplication.swift in Sources */ = {isa = PBXBuildFile; fileRef = 90736C8B21F88B3B003B8B78 /* UIApplication.swift */; };
		90736C8F21F88B75003B8B78 /* MainRouter.swift in Sources */ = {isa = PBXBuildFile; fileRef = 90736C8E21F88B75003B8B78 /* MainRouter.swift */; };
		90736C9121F88C55003B8B78 /* DeepLinkOption.swift in Sources */ = {isa = PBXBuildFile; fileRef = 90736C9021F88C55003B8B78 /* DeepLinkOption.swift */; };
		90736C9321F88CBE003B8B78 /* ApplicationCoordinator.swift in Sources */ = {isa = PBXBuildFile; fileRef = 90736C9221F88CBE003B8B78 /* ApplicationCoordinator.swift */; };
		90736C9521F88CD9003B8B78 /* MainCoordinator.swift in Sources */ = {isa = PBXBuildFile; fileRef = 90736C9421F88CD9003B8B78 /* MainCoordinator.swift */; };
		90736C9721F88CF2003B8B78 /* MainCoordinatorOutput.swift in Sources */ = {isa = PBXBuildFile; fileRef = 90736C9621F88CF2003B8B78 /* MainCoordinatorOutput.swift */; };
		90736C9A21F88D11003B8B78 /* Closures.swift in Sources */ = {isa = PBXBuildFile; fileRef = 90736C9921F88D11003B8B78 /* Closures.swift */; };
		90736C9C21F88D29003B8B78 /* Regex.swift in Sources */ = {isa = PBXBuildFile; fileRef = 90736C9B21F88D29003B8B78 /* Regex.swift */; };
		90736C9E21F891DD003B8B78 /* BorderedFieldCoordinator.swift in Sources */ = {isa = PBXBuildFile; fileRef = 90736C9D21F891DD003B8B78 /* BorderedFieldCoordinator.swift */; };
		90736CA021F891E7003B8B78 /* BorderedFieldCoordinatorOutput.swift in Sources */ = {isa = PBXBuildFile; fileRef = 90736C9F21F891E7003B8B78 /* BorderedFieldCoordinatorOutput.swift */; };
		90736CA221F89680003B8B78 /* Constants.swift in Sources */ = {isa = PBXBuildFile; fileRef = 90736CA121F89680003B8B78 /* Constants.swift */; };
		90736CA721F8977B003B8B78 /* TextFieldType.swift in Sources */ = {isa = PBXBuildFile; fileRef = 90736CA621F8977B003B8B78 /* TextFieldType.swift */; };
		90736CA921F897C7003B8B78 /* MainModuleViewModel.swift in Sources */ = {isa = PBXBuildFile; fileRef = 90736CA821F897C7003B8B78 /* MainModuleViewModel.swift */; };
		90736CAB21F8991F003B8B78 /* CommonNavigationController.swift in Sources */ = {isa = PBXBuildFile; fileRef = 90736CAA21F8991F003B8B78 /* CommonNavigationController.swift */; };
		90736CAF21F899D8003B8B78 /* CustomTitleView.swift in Sources */ = {isa = PBXBuildFile; fileRef = 90736CAD21F899D8003B8B78 /* CustomTitleView.swift */; };
		90736CB021F899D8003B8B78 /* CustomTitleView.xib in Resources */ = {isa = PBXBuildFile; fileRef = 90736CAE21F899D8003B8B78 /* CustomTitleView.xib */; };
		90736CB221F89C3D003B8B78 /* CustomNavigationTitlePresentable.swift in Sources */ = {isa = PBXBuildFile; fileRef = 90736CB121F89C3D003B8B78 /* CustomNavigationTitlePresentable.swift */; };
		90736CB421F89D38003B8B78 /* String.swift in Sources */ = {isa = PBXBuildFile; fileRef = 90736CB321F89D38003B8B78 /* String.swift */; };
		90736CB621F89DF1003B8B78 /* MainAdapter.swift in Sources */ = {isa = PBXBuildFile; fileRef = 90736CB521F89DF1003B8B78 /* MainAdapter.swift */; };
		90736CB821F8A000003B8B78 /* CommonTableHeader.swift in Sources */ = {isa = PBXBuildFile; fileRef = 90736CB721F8A000003B8B78 /* CommonTableHeader.swift */; };
		90736CBB21F8A01E003B8B78 /* CommonTableHeader.xib in Resources */ = {isa = PBXBuildFile; fileRef = 90736CBA21F8A01E003B8B78 /* CommonTableHeader.xib */; };
		914150D68B8B0199C0D698FB /* MainModuleConfigurator.swift in Sources */ = {isa = PBXBuildFile; fileRef = 0B53A69A585FD0DA9FD9006A /* MainModuleConfigurator.swift */; };
		940C82E87B01A75021D62269 /* MainViewController.xib in Resources */ = {isa = PBXBuildFile; fileRef = 909975A8C366F00524A7937F /* MainViewController.xib */; };
		A0CE939BC7665566C1D7211F /* Pods_TextFieldsCatalog.framework in Frameworks */ = {isa = PBXBuildFile; fileRef = 47A2F52770325B87F8802778 /* Pods_TextFieldsCatalog.framework */; };
		ABC484D679F52731BA5EEFDB /* BorderedFieldExampleViewController.xib in Resources */ = {isa = PBXBuildFile; fileRef = 70AD814A498246A9514610A2 /* BorderedFieldExampleViewController.xib */; };
		B34998F7EAC446FB9F3D2695 /* BorderedFieldExampleViewInput.swift in Sources */ = {isa = PBXBuildFile; fileRef = F5C5942F2316B38A6F5EB2B4 /* BorderedFieldExampleViewInput.swift */; };
		D36C61033A3D3AD1BEFDDD60 /* BorderedFieldExampleModuleConfigurator.swift in Sources */ = {isa = PBXBuildFile; fileRef = 8FDBAE209D9B5ECA8890B086 /* BorderedFieldExampleModuleConfigurator.swift */; };
		EBB082B1188AB0B167435077 /* BorderedFieldExamplePresenter.swift in Sources */ = {isa = PBXBuildFile; fileRef = 8D136F435E9C5DEDF1001697 /* BorderedFieldExamplePresenter.swift */; };
		F2FD35D23496DF7326F416FD /* BorderedFieldExampleModuleOutput.swift in Sources */ = {isa = PBXBuildFile; fileRef = C445B18542FFD202A4ABF826 /* BorderedFieldExampleModuleOutput.swift */; };
/* End PBXBuildFile section */

/* Begin PBXContainerItemProxy section */
		90736C3821F8609B003B8B78 /* PBXContainerItemProxy */ = {
			isa = PBXContainerItemProxy;
			containerPortal = 90736C1B21F86099003B8B78 /* Project object */;
			proxyType = 1;
			remoteGlobalIDString = 90736C2221F86099003B8B78;
			remoteInfo = TextFieldsCatalog;
		};
/* End PBXContainerItemProxy section */

/* Begin PBXFileReference section */
		08F9E1ECAFA665E89FD59024 /* MainViewController.swift */ = {isa = PBXFileReference; includeInIndex = 1; lastKnownFileType = sourcecode.swift; path = MainViewController.swift; sourceTree = "<group>"; };
		0B53A69A585FD0DA9FD9006A /* MainModuleConfigurator.swift */ = {isa = PBXFileReference; includeInIndex = 1; lastKnownFileType = sourcecode.swift; path = MainModuleConfigurator.swift; sourceTree = "<group>"; };
		2E1D2FB5D0AF7225009E3D9F /* MainPresenter.swift */ = {isa = PBXFileReference; includeInIndex = 1; lastKnownFileType = sourcecode.swift; path = MainPresenter.swift; sourceTree = "<group>"; };
		47A2F52770325B87F8802778 /* Pods_TextFieldsCatalog.framework */ = {isa = PBXFileReference; explicitFileType = wrapper.framework; includeInIndex = 0; path = Pods_TextFieldsCatalog.framework; sourceTree = BUILT_PRODUCTS_DIR; };
		4BA133C6DFCF82F37CCF3E2E /* MainModuleInput.swift */ = {isa = PBXFileReference; includeInIndex = 1; lastKnownFileType = sourcecode.swift; path = MainModuleInput.swift; sourceTree = "<group>"; };
		63BCA0129C1D70CDC1C3E6E3 /* Pods-TextFieldsCatalogTests.release.xcconfig */ = {isa = PBXFileReference; includeInIndex = 1; lastKnownFileType = text.xcconfig; name = "Pods-TextFieldsCatalogTests.release.xcconfig"; path = "Pods/Target Support Files/Pods-TextFieldsCatalogTests/Pods-TextFieldsCatalogTests.release.xcconfig"; sourceTree = "<group>"; };
		6B9F409927AD029A70C26A8B /* Pods-TextFieldsCatalogTests.debug.xcconfig */ = {isa = PBXFileReference; includeInIndex = 1; lastKnownFileType = text.xcconfig; name = "Pods-TextFieldsCatalogTests.debug.xcconfig"; path = "Pods/Target Support Files/Pods-TextFieldsCatalogTests/Pods-TextFieldsCatalogTests.debug.xcconfig"; sourceTree = "<group>"; };
		70AD814A498246A9514610A2 /* BorderedFieldExampleViewController.xib */ = {isa = PBXFileReference; includeInIndex = 1; lastKnownFileType = file.xib; path = BorderedFieldExampleViewController.xib; sourceTree = "<group>"; };
		769890F734CD1746A10C76A5 /* Pods-TextFieldsCatalog.debug.xcconfig */ = {isa = PBXFileReference; includeInIndex = 1; lastKnownFileType = text.xcconfig; name = "Pods-TextFieldsCatalog.debug.xcconfig"; path = "Pods/Target Support Files/Pods-TextFieldsCatalog/Pods-TextFieldsCatalog.debug.xcconfig"; sourceTree = "<group>"; };
		7F0D1C3FABA61A3C964DC08D /* BorderedFieldExampleViewOutput.swift */ = {isa = PBXFileReference; includeInIndex = 1; lastKnownFileType = sourcecode.swift; path = BorderedFieldExampleViewOutput.swift; sourceTree = "<group>"; };
		8647334B31EFAFC00893CF54 /* BorderedFieldExampleModuleInput.swift */ = {isa = PBXFileReference; includeInIndex = 1; lastKnownFileType = sourcecode.swift; path = BorderedFieldExampleModuleInput.swift; sourceTree = "<group>"; };
		87CFAB258D648BA3020F9A3E /* MainViewOutput.swift */ = {isa = PBXFileReference; includeInIndex = 1; lastKnownFileType = sourcecode.swift; path = MainViewOutput.swift; sourceTree = "<group>"; };
		8D136F435E9C5DEDF1001697 /* BorderedFieldExamplePresenter.swift */ = {isa = PBXFileReference; includeInIndex = 1; lastKnownFileType = sourcecode.swift; path = BorderedFieldExamplePresenter.swift; sourceTree = "<group>"; };
		8FDBAE209D9B5ECA8890B086 /* BorderedFieldExampleModuleConfigurator.swift */ = {isa = PBXFileReference; includeInIndex = 1; lastKnownFileType = sourcecode.swift; path = BorderedFieldExampleModuleConfigurator.swift; sourceTree = "<group>"; };
		90736C2321F86099003B8B78 /* TextFieldsCatalog.app */ = {isa = PBXFileReference; explicitFileType = wrapper.application; includeInIndex = 0; path = TextFieldsCatalog.app; sourceTree = BUILT_PRODUCTS_DIR; };
		90736C2621F86099003B8B78 /* AppDelegate.swift */ = {isa = PBXFileReference; lastKnownFileType = sourcecode.swift; path = AppDelegate.swift; sourceTree = "<group>"; };
		90736C2D21F8609A003B8B78 /* Assets.xcassets */ = {isa = PBXFileReference; lastKnownFileType = folder.assetcatalog; path = Assets.xcassets; sourceTree = "<group>"; };
		90736C3021F8609A003B8B78 /* Base */ = {isa = PBXFileReference; lastKnownFileType = file.storyboard; name = Base; path = Base.lproj/LaunchScreen.storyboard; sourceTree = "<group>"; };
		90736C3221F8609A003B8B78 /* Info.plist */ = {isa = PBXFileReference; lastKnownFileType = text.plist.xml; path = Info.plist; sourceTree = "<group>"; };
		90736C3721F8609B003B8B78 /* TextFieldsCatalogTests.xctest */ = {isa = PBXFileReference; explicitFileType = wrapper.cfbundle; includeInIndex = 0; path = TextFieldsCatalogTests.xctest; sourceTree = BUILT_PRODUCTS_DIR; };
		90736C3B21F8609B003B8B78 /* TextFieldsCatalogTests.swift */ = {isa = PBXFileReference; lastKnownFileType = sourcecode.swift; path = TextFieldsCatalogTests.swift; sourceTree = "<group>"; };
		90736C3D21F8609B003B8B78 /* Info.plist */ = {isa = PBXFileReference; lastKnownFileType = text.plist.xml; path = Info.plist; sourceTree = "<group>"; };
		90736C5121F877B4003B8B78 /* InnerTextField.swift */ = {isa = PBXFileReference; lastKnownFileType = sourcecode.swift; path = InnerTextField.swift; sourceTree = "<group>"; };
		90736C5421F87827003B8B78 /* TextFieldValidation.swift */ = {isa = PBXFileReference; lastKnownFileType = sourcecode.swift; path = TextFieldValidation.swift; sourceTree = "<group>"; };
		90736C5721F8786C003B8B78 /* TextFieldValidator.swift */ = {isa = PBXFileReference; lastKnownFileType = sourcecode.swift; path = TextFieldValidator.swift; sourceTree = "<group>"; };
		90736C5921F878F0003B8B78 /* MaskTextFieldFormatter.swift */ = {isa = PBXFileReference; lastKnownFileType = sourcecode.swift; path = MaskTextFieldFormatter.swift; sourceTree = "<group>"; };
		90736C5B21F87958003B8B78 /* FormatterMasks.swift */ = {isa = PBXFileReference; lastKnownFileType = sourcecode.swift; path = FormatterMasks.swift; sourceTree = "<group>"; };
		90736C5E21F87A1B003B8B78 /* BorderedTextField.swift */ = {isa = PBXFileReference; lastKnownFileType = sourcecode.swift; path = BorderedTextField.swift; sourceTree = "<group>"; };
		90736C6221F87A5E003B8B78 /* Color.swift */ = {isa = PBXFileReference; lastKnownFileType = sourcecode.swift; path = Color.swift; sourceTree = "<group>"; };
		90736C6421F87B4C003B8B78 /* DesignableView.swift */ = {isa = PBXFileReference; lastKnownFileType = sourcecode.swift; path = DesignableView.swift; sourceTree = "<group>"; };
		90736C6721F87B7A003B8B78 /* Foundation.swift */ = {isa = PBXFileReference; lastKnownFileType = sourcecode.swift; path = Foundation.swift; sourceTree = "<group>"; };
		90736C6921F87CFD003B8B78 /* CommonButton.swift */ = {isa = PBXFileReference; lastKnownFileType = sourcecode.swift; path = CommonButton.swift; sourceTree = "<group>"; };
		90736C6B21F87D65003B8B78 /* UIImage.swift */ = {isa = PBXFileReference; lastKnownFileType = sourcecode.swift; path = UIImage.swift; sourceTree = "<group>"; };
		90736C6E21F87DD5003B8B78 /* IconButton.swift */ = {isa = PBXFileReference; lastKnownFileType = sourcecode.swift; path = IconButton.swift; sourceTree = "<group>"; };
		90736C7021F87EAD003B8B78 /* UIColor.swift */ = {isa = PBXFileReference; lastKnownFileType = sourcecode.swift; path = UIColor.swift; sourceTree = "<group>"; };
		90736C7421F886B2003B8B78 /* Assets.swift */ = {isa = PBXFileReference; fileEncoding = 4; lastKnownFileType = sourcecode.swift; path = Assets.swift; sourceTree = "<group>"; };
		90736C7621F8870C003B8B78 /* ru */ = {isa = PBXFileReference; lastKnownFileType = text.plist.strings; name = ru; path = ru.lproj/LaunchScreen.strings; sourceTree = "<group>"; };
		90736C7A21F88737003B8B78 /* en */ = {isa = PBXFileReference; lastKnownFileType = text.plist.strings; name = en; path = en.lproj/Localizable.strings; sourceTree = "<group>"; };
		90736C7C21F8873B003B8B78 /* ru */ = {isa = PBXFileReference; lastKnownFileType = text.plist.strings; name = ru; path = ru.lproj/Localizable.strings; sourceTree = "<group>"; };
		90736C7D21F88891003B8B78 /* Strings.swift */ = {isa = PBXFileReference; fileEncoding = 4; lastKnownFileType = sourcecode.swift; path = Strings.swift; sourceTree = "<group>"; };
		90736C8321F88ACE003B8B78 /* BaseCoordinator.swift */ = {isa = PBXFileReference; lastKnownFileType = sourcecode.swift; path = BaseCoordinator.swift; sourceTree = "<group>"; };
		90736C8521F88AF2003B8B78 /* Coordinator.swift */ = {isa = PBXFileReference; lastKnownFileType = sourcecode.swift; path = Coordinator.swift; sourceTree = "<group>"; };
		90736C8721F88B0A003B8B78 /* Presentable.swift */ = {isa = PBXFileReference; lastKnownFileType = sourcecode.swift; path = Presentable.swift; sourceTree = "<group>"; };
		90736C8921F88B1E003B8B78 /* Router.swift */ = {isa = PBXFileReference; lastKnownFileType = sourcecode.swift; path = Router.swift; sourceTree = "<group>"; };
		90736C8B21F88B3B003B8B78 /* UIApplication.swift */ = {isa = PBXFileReference; lastKnownFileType = sourcecode.swift; path = UIApplication.swift; sourceTree = "<group>"; };
		90736C8E21F88B75003B8B78 /* MainRouter.swift */ = {isa = PBXFileReference; lastKnownFileType = sourcecode.swift; path = MainRouter.swift; sourceTree = "<group>"; };
		90736C9021F88C55003B8B78 /* DeepLinkOption.swift */ = {isa = PBXFileReference; lastKnownFileType = sourcecode.swift; path = DeepLinkOption.swift; sourceTree = "<group>"; };
		90736C9221F88CBE003B8B78 /* ApplicationCoordinator.swift */ = {isa = PBXFileReference; lastKnownFileType = sourcecode.swift; path = ApplicationCoordinator.swift; sourceTree = "<group>"; };
		90736C9421F88CD9003B8B78 /* MainCoordinator.swift */ = {isa = PBXFileReference; lastKnownFileType = sourcecode.swift; path = MainCoordinator.swift; sourceTree = "<group>"; };
		90736C9621F88CF2003B8B78 /* MainCoordinatorOutput.swift */ = {isa = PBXFileReference; lastKnownFileType = sourcecode.swift; path = MainCoordinatorOutput.swift; sourceTree = "<group>"; };
		90736C9921F88D11003B8B78 /* Closures.swift */ = {isa = PBXFileReference; lastKnownFileType = sourcecode.swift; path = Closures.swift; sourceTree = "<group>"; };
		90736C9B21F88D29003B8B78 /* Regex.swift */ = {isa = PBXFileReference; lastKnownFileType = sourcecode.swift; path = Regex.swift; sourceTree = "<group>"; };
		90736C9D21F891DD003B8B78 /* BorderedFieldCoordinator.swift */ = {isa = PBXFileReference; lastKnownFileType = sourcecode.swift; path = BorderedFieldCoordinator.swift; sourceTree = "<group>"; };
		90736C9F21F891E7003B8B78 /* BorderedFieldCoordinatorOutput.swift */ = {isa = PBXFileReference; lastKnownFileType = sourcecode.swift; path = BorderedFieldCoordinatorOutput.swift; sourceTree = "<group>"; };
		90736CA121F89680003B8B78 /* Constants.swift */ = {isa = PBXFileReference; lastKnownFileType = sourcecode.swift; path = Constants.swift; sourceTree = "<group>"; };
		90736CA621F8977B003B8B78 /* TextFieldType.swift */ = {isa = PBXFileReference; lastKnownFileType = sourcecode.swift; path = TextFieldType.swift; sourceTree = "<group>"; };
		90736CA821F897C7003B8B78 /* MainModuleViewModel.swift */ = {isa = PBXFileReference; lastKnownFileType = sourcecode.swift; path = MainModuleViewModel.swift; sourceTree = "<group>"; };
		90736CAA21F8991F003B8B78 /* CommonNavigationController.swift */ = {isa = PBXFileReference; lastKnownFileType = sourcecode.swift; path = CommonNavigationController.swift; sourceTree = "<group>"; };
		90736CAD21F899D8003B8B78 /* CustomTitleView.swift */ = {isa = PBXFileReference; fileEncoding = 4; lastKnownFileType = sourcecode.swift; path = CustomTitleView.swift; sourceTree = "<group>"; };
		90736CAE21F899D8003B8B78 /* CustomTitleView.xib */ = {isa = PBXFileReference; fileEncoding = 4; lastKnownFileType = file.xib; path = CustomTitleView.xib; sourceTree = "<group>"; };
		90736CB121F89C3D003B8B78 /* CustomNavigationTitlePresentable.swift */ = {isa = PBXFileReference; lastKnownFileType = sourcecode.swift; path = CustomNavigationTitlePresentable.swift; sourceTree = "<group>"; };
		90736CB321F89D38003B8B78 /* String.swift */ = {isa = PBXFileReference; lastKnownFileType = sourcecode.swift; path = String.swift; sourceTree = "<group>"; };
		90736CB521F89DF1003B8B78 /* MainAdapter.swift */ = {isa = PBXFileReference; lastKnownFileType = sourcecode.swift; path = MainAdapter.swift; sourceTree = "<group>"; };
		90736CB721F8A000003B8B78 /* CommonTableHeader.swift */ = {isa = PBXFileReference; lastKnownFileType = sourcecode.swift; path = CommonTableHeader.swift; sourceTree = "<group>"; };
		90736CBA21F8A01E003B8B78 /* CommonTableHeader.xib */ = {isa = PBXFileReference; lastKnownFileType = file.xib; path = CommonTableHeader.xib; sourceTree = "<group>"; };
		909975A8C366F00524A7937F /* MainViewController.xib */ = {isa = PBXFileReference; includeInIndex = 1; lastKnownFileType = file.xib; path = MainViewController.xib; sourceTree = "<group>"; };
		97D8D77A5364A11DA0368B2B /* BorderedFieldExampleViewController.swift */ = {isa = PBXFileReference; includeInIndex = 1; lastKnownFileType = sourcecode.swift; path = BorderedFieldExampleViewController.swift; sourceTree = "<group>"; };
		AA96401BD5D56186C0F4D774 /* Pods-TextFieldsCatalog.release.xcconfig */ = {isa = PBXFileReference; includeInIndex = 1; lastKnownFileType = text.xcconfig; name = "Pods-TextFieldsCatalog.release.xcconfig"; path = "Pods/Target Support Files/Pods-TextFieldsCatalog/Pods-TextFieldsCatalog.release.xcconfig"; sourceTree = "<group>"; };
		C445B18542FFD202A4ABF826 /* BorderedFieldExampleModuleOutput.swift */ = {isa = PBXFileReference; includeInIndex = 1; lastKnownFileType = sourcecode.swift; path = BorderedFieldExampleModuleOutput.swift; sourceTree = "<group>"; };
		D0A29BF97393846546F44A61 /* MainViewInput.swift */ = {isa = PBXFileReference; includeInIndex = 1; lastKnownFileType = sourcecode.swift; path = MainViewInput.swift; sourceTree = "<group>"; };
		ED1BB72233F7DC23022ECDF6 /* MainModuleOutput.swift */ = {isa = PBXFileReference; includeInIndex = 1; lastKnownFileType = sourcecode.swift; path = MainModuleOutput.swift; sourceTree = "<group>"; };
		F5C5942F2316B38A6F5EB2B4 /* BorderedFieldExampleViewInput.swift */ = {isa = PBXFileReference; includeInIndex = 1; lastKnownFileType = sourcecode.swift; path = BorderedFieldExampleViewInput.swift; sourceTree = "<group>"; };
		FB3F76F65A96DD4D9A117E0E /* Pods_TextFieldsCatalogTests.framework */ = {isa = PBXFileReference; explicitFileType = wrapper.framework; includeInIndex = 0; path = Pods_TextFieldsCatalogTests.framework; sourceTree = BUILT_PRODUCTS_DIR; };
/* End PBXFileReference section */

/* Begin PBXFrameworksBuildPhase section */
		90736C2021F86099003B8B78 /* Frameworks */ = {
			isa = PBXFrameworksBuildPhase;
			buildActionMask = 2147483647;
			files = (
				A0CE939BC7665566C1D7211F /* Pods_TextFieldsCatalog.framework in Frameworks */,
			);
			runOnlyForDeploymentPostprocessing = 0;
		};
		90736C3421F8609B003B8B78 /* Frameworks */ = {
			isa = PBXFrameworksBuildPhase;
			buildActionMask = 2147483647;
			files = (
				0F32093C542C1D35D5B10FD2 /* Pods_TextFieldsCatalogTests.framework in Frameworks */,
			);
			runOnlyForDeploymentPostprocessing = 0;
		};
/* End PBXFrameworksBuildPhase section */

/* Begin PBXGroup section */
		0A7988E1188290EDFEF03AFC /* View */ = {
			isa = PBXGroup;
			children = (
				97D8D77A5364A11DA0368B2B /* BorderedFieldExampleViewController.swift */,
				70AD814A498246A9514610A2 /* BorderedFieldExampleViewController.xib */,
				F5C5942F2316B38A6F5EB2B4 /* BorderedFieldExampleViewInput.swift */,
				7F0D1C3FABA61A3C964DC08D /* BorderedFieldExampleViewOutput.swift */,
			);
			path = View;
			sourceTree = "<group>";
		};
		304573A13D605253B6ED0DC7 /* BorderedFieldExample */ = {
			isa = PBXGroup;
			children = (
				3EB3E7C4D58623AF3374F201 /* Configurator */,
				83204209356BBBD7B2533ADE /* Presenter */,
				0A7988E1188290EDFEF03AFC /* View */,
			);
			path = BorderedFieldExample;
			sourceTree = "<group>";
		};
		3EB3E7C4D58623AF3374F201 /* Configurator */ = {
			isa = PBXGroup;
			children = (
				8FDBAE209D9B5ECA8890B086 /* BorderedFieldExampleModuleConfigurator.swift */,
			);
			path = Configurator;
			sourceTree = "<group>";
		};
		4D11911D5411AA7B0E57C69F /* Configurator */ = {
			isa = PBXGroup;
			children = (
				0B53A69A585FD0DA9FD9006A /* MainModuleConfigurator.swift */,
			);
			path = Configurator;
			sourceTree = "<group>";
		};
		602B6DD1698D1144B3DD9E13 /* Main */ = {
			isa = PBXGroup;
			children = (
				4D11911D5411AA7B0E57C69F /* Configurator */,
				77C4BA989AAC20CB2E6E76BA /* Presenter */,
				74F3C3DE30B752FA02FD67A5 /* View */,
			);
			path = Main;
			sourceTree = "<group>";
		};
		74F3C3DE30B752FA02FD67A5 /* View */ = {
			isa = PBXGroup;
			children = (
				90736CA421F896C3003B8B78 /* Adapter */,
				90736CA321F896BD003B8B78 /* ViewModel */,
				08F9E1ECAFA665E89FD59024 /* MainViewController.swift */,
				909975A8C366F00524A7937F /* MainViewController.xib */,
				D0A29BF97393846546F44A61 /* MainViewInput.swift */,
				87CFAB258D648BA3020F9A3E /* MainViewOutput.swift */,
			);
			path = View;
			sourceTree = "<group>";
		};
		77C4BA989AAC20CB2E6E76BA /* Presenter */ = {
			isa = PBXGroup;
			children = (
				2E1D2FB5D0AF7225009E3D9F /* MainPresenter.swift */,
				4BA133C6DFCF82F37CCF3E2E /* MainModuleInput.swift */,
				ED1BB72233F7DC23022ECDF6 /* MainModuleOutput.swift */,
			);
			path = Presenter;
			sourceTree = "<group>";
		};
		83204209356BBBD7B2533ADE /* Presenter */ = {
			isa = PBXGroup;
			children = (
				8D136F435E9C5DEDF1001697 /* BorderedFieldExamplePresenter.swift */,
				8647334B31EFAFC00893CF54 /* BorderedFieldExampleModuleInput.swift */,
				C445B18542FFD202A4ABF826 /* BorderedFieldExampleModuleOutput.swift */,
			);
			path = Presenter;
			sourceTree = "<group>";
		};
		90736C1A21F86099003B8B78 = {
			isa = PBXGroup;
			children = (
				90736C2521F86099003B8B78 /* TextFieldsCatalog */,
				90736C3A21F8609B003B8B78 /* TextFieldsCatalogTests */,
				90736C2421F86099003B8B78 /* Products */,
				B268FBCC51EEC64B6CB442EE /* Pods */,
				92363513AD4BDB3330A97626 /* Frameworks */,
			);
			sourceTree = "<group>";
		};
		90736C2421F86099003B8B78 /* Products */ = {
			isa = PBXGroup;
			children = (
				90736C2321F86099003B8B78 /* TextFieldsCatalog.app */,
				90736C3721F8609B003B8B78 /* TextFieldsCatalogTests.xctest */,
			);
			name = Products;
			sourceTree = "<group>";
		};
		90736C2521F86099003B8B78 /* TextFieldsCatalog */ = {
			isa = PBXGroup;
			children = (
				90736C4621F86514003B8B78 /* Application */,
				90736C8021F889A3003B8B78 /* Flows */,
				90736C4E21F87725003B8B78 /* Library */,
				90736C4F21F87739003B8B78 /* Resources */,
				90736C4D21F8770D003B8B78 /* TextFields */,
				90736C3221F8609A003B8B78 /* Info.plist */,
			);
			path = TextFieldsCatalog;
			sourceTree = "<group>";
		};
		90736C3A21F8609B003B8B78 /* TextFieldsCatalogTests */ = {
			isa = PBXGroup;
			children = (
				90736C3B21F8609B003B8B78 /* TextFieldsCatalogTests.swift */,
				90736C3D21F8609B003B8B78 /* Info.plist */,
			);
			path = TextFieldsCatalogTests;
			sourceTree = "<group>";
		};
		90736C4621F86514003B8B78 /* Application */ = {
			isa = PBXGroup;
			children = (
				90736C2621F86099003B8B78 /* AppDelegate.swift */,
				90736C9021F88C55003B8B78 /* DeepLinkOption.swift */,
				90736C2F21F8609A003B8B78 /* LaunchScreen.storyboard */,
				90736C9221F88CBE003B8B78 /* ApplicationCoordinator.swift */,
			);
			path = Application;
			sourceTree = "<group>";
		};
		90736C4D21F8770D003B8B78 /* TextFields */ = {
			isa = PBXGroup;
			children = (
				90736C5D21F879ED003B8B78 /* BorderedTextField */,
			);
			path = TextFields;
			sourceTree = "<group>";
		};
		90736C4E21F87725003B8B78 /* Library */ = {
			isa = PBXGroup;
			children = (
				90736C5021F87796003B8B78 /* BaseClasses */,
				90736C6621F87B64003B8B78 /* Extensions */,
				90736C5321F87818003B8B78 /* Protocols */,
				90736C6D21F87D98003B8B78 /* Reusable */,
				90736C8D21F88B67003B8B78 /* Routers */,
				90736C5621F8784C003B8B78 /* Utils */,
			);
			path = Library;
			sourceTree = "<group>";
		};
		90736C4F21F87739003B8B78 /* Resources */ = {
			isa = PBXGroup;
			children = (
				90736C6121F87A4B003B8B78 /* Colors */,
				90736C9821F88D03003B8B78 /* Constants */,
				90736C6021F87A46003B8B78 /* Images */,
				90736C7221F88207003B8B78 /* Strings */,
			);
			path = Resources;
			sourceTree = "<group>";
		};
		90736C5021F87796003B8B78 /* BaseClasses */ = {
			isa = PBXGroup;
			children = (
				90736C8321F88ACE003B8B78 /* BaseCoordinator.swift */,
				90736C6921F87CFD003B8B78 /* CommonButton.swift */,
				90736C6421F87B4C003B8B78 /* DesignableView.swift */,
				90736C5121F877B4003B8B78 /* InnerTextField.swift */,
			);
			path = BaseClasses;
			sourceTree = "<group>";
		};
		90736C5321F87818003B8B78 /* Protocols */ = {
			isa = PBXGroup;
			children = (
				90736C8521F88AF2003B8B78 /* Coordinator.swift */,
				90736CB121F89C3D003B8B78 /* CustomNavigationTitlePresentable.swift */,
				90736C8721F88B0A003B8B78 /* Presentable.swift */,
				90736C8921F88B1E003B8B78 /* Router.swift */,
				90736C5421F87827003B8B78 /* TextFieldValidation.swift */,
			);
			path = Protocols;
			sourceTree = "<group>";
		};
		90736C5621F8784C003B8B78 /* Utils */ = {
			isa = PBXGroup;
			children = (
				90736C5B21F87958003B8B78 /* FormatterMasks.swift */,
				90736C5921F878F0003B8B78 /* MaskTextFieldFormatter.swift */,
				90736C5721F8786C003B8B78 /* TextFieldValidator.swift */,
			);
			path = Utils;
			sourceTree = "<group>";
		};
		90736C5D21F879ED003B8B78 /* BorderedTextField */ = {
			isa = PBXGroup;
			children = (
				90736C5E21F87A1B003B8B78 /* BorderedTextField.swift */,
			);
			path = BorderedTextField;
			sourceTree = "<group>";
		};
		90736C6021F87A46003B8B78 /* Images */ = {
			isa = PBXGroup;
			children = (
				90736C7421F886B2003B8B78 /* Assets.swift */,
				90736C2D21F8609A003B8B78 /* Assets.xcassets */,
			);
			path = Images;
			sourceTree = "<group>";
		};
		90736C6121F87A4B003B8B78 /* Colors */ = {
			isa = PBXGroup;
			children = (
				90736C6221F87A5E003B8B78 /* Color.swift */,
			);
			path = Colors;
			sourceTree = "<group>";
		};
		90736C6621F87B64003B8B78 /* Extensions */ = {
			isa = PBXGroup;
			children = (
				90736C6721F87B7A003B8B78 /* Foundation.swift */,
				90736CB321F89D38003B8B78 /* String.swift */,
				90736C8B21F88B3B003B8B78 /* UIApplication.swift */,
				90736C7021F87EAD003B8B78 /* UIColor.swift */,
				90736C6B21F87D65003B8B78 /* UIImage.swift */,
			);
			path = Extensions;
			sourceTree = "<group>";
		};
		90736C6D21F87D98003B8B78 /* Reusable */ = {
			isa = PBXGroup;
			children = (
				90736CB921F8A00B003B8B78 /* CommonTableHeader */,
				90736CAC21F899C8003B8B78 /* CustomTitleView */,
				90736CAA21F8991F003B8B78 /* CommonNavigationController.swift */,
				90736C6E21F87DD5003B8B78 /* IconButton.swift */,
			);
			path = Reusable;
			sourceTree = "<group>";
		};
		90736C7221F88207003B8B78 /* Strings */ = {
			isa = PBXGroup;
			children = (
				90736C7B21F88737003B8B78 /* Localizable.strings */,
				90736C7D21F88891003B8B78 /* Strings.swift */,
			);
			path = Strings;
			sourceTree = "<group>";
		};
		90736C8021F889A3003B8B78 /* Flows */ = {
			isa = PBXGroup;
			children = (
				90736C8221F889DA003B8B78 /* BorderedField */,
				90736C8121F889D3003B8B78 /* Main */,
			);
			path = Flows;
			sourceTree = "<group>";
		};
		90736C8121F889D3003B8B78 /* Main */ = {
			isa = PBXGroup;
			children = (
				90736C9421F88CD9003B8B78 /* MainCoordinator.swift */,
				90736C9621F88CF2003B8B78 /* MainCoordinatorOutput.swift */,
				602B6DD1698D1144B3DD9E13 /* Main */,
			);
			path = Main;
			sourceTree = "<group>";
		};
		90736C8221F889DA003B8B78 /* BorderedField */ = {
			isa = PBXGroup;
			children = (
				90736C9D21F891DD003B8B78 /* BorderedFieldCoordinator.swift */,
				90736C9F21F891E7003B8B78 /* BorderedFieldCoordinatorOutput.swift */,
				304573A13D605253B6ED0DC7 /* BorderedFieldExample */,
			);
			path = BorderedField;
			sourceTree = "<group>";
		};
		90736C8D21F88B67003B8B78 /* Routers */ = {
			isa = PBXGroup;
			children = (
				90736C8E21F88B75003B8B78 /* MainRouter.swift */,
			);
			path = Routers;
			sourceTree = "<group>";
		};
		90736C9821F88D03003B8B78 /* Constants */ = {
			isa = PBXGroup;
			children = (
				90736C9921F88D11003B8B78 /* Closures.swift */,
				90736CA121F89680003B8B78 /* Constants.swift */,
				90736C9B21F88D29003B8B78 /* Regex.swift */,
			);
			path = Constants;
			sourceTree = "<group>";
		};
		90736CA321F896BD003B8B78 /* ViewModel */ = {
			isa = PBXGroup;
			children = (
				90736CA821F897C7003B8B78 /* MainModuleViewModel.swift */,
				90736CA621F8977B003B8B78 /* TextFieldType.swift */,
			);
			path = ViewModel;
			sourceTree = "<group>";
		};
		90736CA421F896C3003B8B78 /* Adapter */ = {
			isa = PBXGroup;
			children = (
				90736CA521F89700003B8B78 /* Cell */,
				90736CB521F89DF1003B8B78 /* MainAdapter.swift */,
			);
			path = Adapter;
			sourceTree = "<group>";
		};
		90736CA521F89700003B8B78 /* Cell */ = {
			isa = PBXGroup;
			children = (
			);
			path = Cell;
			sourceTree = "<group>";
		};
		90736CAC21F899C8003B8B78 /* CustomTitleView */ = {
			isa = PBXGroup;
			children = (
				90736CAD21F899D8003B8B78 /* CustomTitleView.swift */,
				90736CAE21F899D8003B8B78 /* CustomTitleView.xib */,
			);
			path = CustomTitleView;
			sourceTree = "<group>";
		};
		90736CB921F8A00B003B8B78 /* CommonTableHeader */ = {
			isa = PBXGroup;
			children = (
				90736CB721F8A000003B8B78 /* CommonTableHeader.swift */,
				90736CBA21F8A01E003B8B78 /* CommonTableHeader.xib */,
			);
			path = CommonTableHeader;
			sourceTree = "<group>";
		};
		92363513AD4BDB3330A97626 /* Frameworks */ = {
			isa = PBXGroup;
			children = (
				47A2F52770325B87F8802778 /* Pods_TextFieldsCatalog.framework */,
				FB3F76F65A96DD4D9A117E0E /* Pods_TextFieldsCatalogTests.framework */,
			);
			name = Frameworks;
			sourceTree = "<group>";
		};
		B268FBCC51EEC64B6CB442EE /* Pods */ = {
			isa = PBXGroup;
			children = (
				769890F734CD1746A10C76A5 /* Pods-TextFieldsCatalog.debug.xcconfig */,
				AA96401BD5D56186C0F4D774 /* Pods-TextFieldsCatalog.release.xcconfig */,
				6B9F409927AD029A70C26A8B /* Pods-TextFieldsCatalogTests.debug.xcconfig */,
				63BCA0129C1D70CDC1C3E6E3 /* Pods-TextFieldsCatalogTests.release.xcconfig */,
			);
			name = Pods;
			sourceTree = "<group>";
		};
/* End PBXGroup section */

/* Begin PBXNativeTarget section */
		90736C2221F86099003B8B78 /* TextFieldsCatalog */ = {
			isa = PBXNativeTarget;
			buildConfigurationList = 90736C4021F8609B003B8B78 /* Build configuration list for PBXNativeTarget "TextFieldsCatalog" */;
			buildPhases = (
				56040F5E1A5AECCA1DC9222E /* [CP] Check Pods Manifest.lock */,
				90736C7321F88630003B8B78 /* SwiftGen Script */,
				90736C7F21F88945003B8B78 /* Swift Lint */,
				90736C1F21F86099003B8B78 /* Sources */,
				90736C2021F86099003B8B78 /* Frameworks */,
				90736C2121F86099003B8B78 /* Resources */,
				4959D569EE0B4C3077CB78E1 /* [CP] Embed Pods Frameworks */,
				84CA9E5D9ED2236A884F2F76 /* [CP] Copy Pods Resources */,
			);
			buildRules = (
			);
			dependencies = (
			);
			name = TextFieldsCatalog;
			productName = TextFieldsCatalog;
			productReference = 90736C2321F86099003B8B78 /* TextFieldsCatalog.app */;
			productType = "com.apple.product-type.application";
		};
		90736C3621F8609B003B8B78 /* TextFieldsCatalogTests */ = {
			isa = PBXNativeTarget;
			buildConfigurationList = 90736C4321F8609B003B8B78 /* Build configuration list for PBXNativeTarget "TextFieldsCatalogTests" */;
			buildPhases = (
				D56EE1966639A5C6A92F1FA2 /* [CP] Check Pods Manifest.lock */,
				90736C3321F8609B003B8B78 /* Sources */,
				90736C3421F8609B003B8B78 /* Frameworks */,
				90736C3521F8609B003B8B78 /* Resources */,
				8106CD66C8552EF209EED45D /* [CP] Embed Pods Frameworks */,
				05B4986644691EB0C5C13BD8 /* [CP] Copy Pods Resources */,
			);
			buildRules = (
			);
			dependencies = (
				90736C3921F8609B003B8B78 /* PBXTargetDependency */,
			);
			name = TextFieldsCatalogTests;
			productName = TextFieldsCatalogTests;
			productReference = 90736C3721F8609B003B8B78 /* TextFieldsCatalogTests.xctest */;
			productType = "com.apple.product-type.bundle.unit-test";
		};
/* End PBXNativeTarget section */

/* Begin PBXProject section */
		90736C1B21F86099003B8B78 /* Project object */ = {
			isa = PBXProject;
			attributes = {
				LastSwiftUpdateCheck = 1010;
				LastUpgradeCheck = 1010;
				ORGANIZATIONNAME = "Александр Чаусов";
				TargetAttributes = {
					90736C2221F86099003B8B78 = {
						CreatedOnToolsVersion = 10.1;
					};
					90736C3621F8609B003B8B78 = {
						CreatedOnToolsVersion = 10.1;
						TestTargetID = 90736C2221F86099003B8B78;
					};
				};
			};
			buildConfigurationList = 90736C1E21F86099003B8B78 /* Build configuration list for PBXProject "TextFieldsCatalog" */;
			compatibilityVersion = "Xcode 9.3";
			developmentRegion = en;
			hasScannedForEncodings = 0;
			knownRegions = (
				en,
				Base,
				ru,
			);
			mainGroup = 90736C1A21F86099003B8B78;
			productRefGroup = 90736C2421F86099003B8B78 /* Products */;
			projectDirPath = "";
			projectRoot = "";
			targets = (
				90736C2221F86099003B8B78 /* TextFieldsCatalog */,
				90736C3621F8609B003B8B78 /* TextFieldsCatalogTests */,
			);
		};
/* End PBXProject section */

/* Begin PBXResourcesBuildPhase section */
		90736C2121F86099003B8B78 /* Resources */ = {
			isa = PBXResourcesBuildPhase;
			buildActionMask = 2147483647;
			files = (
				90736C3121F8609A003B8B78 /* LaunchScreen.storyboard in Resources */,
				90736C7921F88737003B8B78 /* Localizable.strings in Resources */,
				90736C2E21F8609A003B8B78 /* Assets.xcassets in Resources */,
				90736CBB21F8A01E003B8B78 /* CommonTableHeader.xib in Resources */,
				940C82E87B01A75021D62269 /* MainViewController.xib in Resources */,
				90736CB021F899D8003B8B78 /* CustomTitleView.xib in Resources */,
				ABC484D679F52731BA5EEFDB /* BorderedFieldExampleViewController.xib in Resources */,
			);
			runOnlyForDeploymentPostprocessing = 0;
		};
		90736C3521F8609B003B8B78 /* Resources */ = {
			isa = PBXResourcesBuildPhase;
			buildActionMask = 2147483647;
			files = (
			);
			runOnlyForDeploymentPostprocessing = 0;
		};
/* End PBXResourcesBuildPhase section */

/* Begin PBXShellScriptBuildPhase section */
		05B4986644691EB0C5C13BD8 /* [CP] Copy Pods Resources */ = {
			isa = PBXShellScriptBuildPhase;
			buildActionMask = 2147483647;
			files = (
			);
			inputFileListPaths = (
			);
			inputPaths = (
			);
			name = "[CP] Copy Pods Resources";
			outputFileListPaths = (
			);
			outputPaths = (
			);
			runOnlyForDeploymentPostprocessing = 0;
			shellPath = /bin/sh;
			shellScript = "\"${SRCROOT}/Pods/Target Support Files/Pods-TextFieldsCatalogTests/Pods-TextFieldsCatalogTests-resources.sh\"\n";
			showEnvVarsInLog = 0;
		};
		4959D569EE0B4C3077CB78E1 /* [CP] Embed Pods Frameworks */ = {
			isa = PBXShellScriptBuildPhase;
			buildActionMask = 2147483647;
			files = (
			);
			inputFileListPaths = (
			);
			inputPaths = (
				"${SRCROOT}/Pods/Target Support Files/Pods-TextFieldsCatalog/Pods-TextFieldsCatalog-frameworks.sh",
				"${BUILT_PRODUCTS_DIR}/InputMask/InputMask.framework",
				"${BUILT_PRODUCTS_DIR}/SurfUtils/SurfUtils.framework",
			);
			name = "[CP] Embed Pods Frameworks";
			outputFileListPaths = (
			);
			outputPaths = (
				"${TARGET_BUILD_DIR}/${FRAMEWORKS_FOLDER_PATH}/InputMask.framework",
				"${TARGET_BUILD_DIR}/${FRAMEWORKS_FOLDER_PATH}/SurfUtils.framework",
			);
			runOnlyForDeploymentPostprocessing = 0;
			shellPath = /bin/sh;
			shellScript = "\"${SRCROOT}/Pods/Target Support Files/Pods-TextFieldsCatalog/Pods-TextFieldsCatalog-frameworks.sh\"\n";
			showEnvVarsInLog = 0;
		};
		56040F5E1A5AECCA1DC9222E /* [CP] Check Pods Manifest.lock */ = {
			isa = PBXShellScriptBuildPhase;
			buildActionMask = 2147483647;
			files = (
			);
			inputFileListPaths = (
			);
			inputPaths = (
				"${PODS_PODFILE_DIR_PATH}/Podfile.lock",
				"${PODS_ROOT}/Manifest.lock",
			);
			name = "[CP] Check Pods Manifest.lock";
			outputFileListPaths = (
			);
			outputPaths = (
				"$(DERIVED_FILE_DIR)/Pods-TextFieldsCatalog-checkManifestLockResult.txt",
			);
			runOnlyForDeploymentPostprocessing = 0;
			shellPath = /bin/sh;
			shellScript = "diff \"${PODS_PODFILE_DIR_PATH}/Podfile.lock\" \"${PODS_ROOT}/Manifest.lock\" > /dev/null\nif [ $? != 0 ] ; then\n    # print error to STDERR\n    echo \"error: The sandbox is not in sync with the Podfile.lock. Run 'pod install' or update your CocoaPods installation.\" >&2\n    exit 1\nfi\n# This output is used by Xcode 'outputs' to avoid re-running this script phase.\necho \"SUCCESS\" > \"${SCRIPT_OUTPUT_FILE_0}\"\n";
			showEnvVarsInLog = 0;
		};
		8106CD66C8552EF209EED45D /* [CP] Embed Pods Frameworks */ = {
			isa = PBXShellScriptBuildPhase;
			buildActionMask = 2147483647;
			files = (
			);
			inputFileListPaths = (
			);
			inputPaths = (
			);
			name = "[CP] Embed Pods Frameworks";
			outputFileListPaths = (
			);
			outputPaths = (
			);
			runOnlyForDeploymentPostprocessing = 0;
			shellPath = /bin/sh;
			shellScript = "\"${SRCROOT}/Pods/Target Support Files/Pods-TextFieldsCatalogTests/Pods-TextFieldsCatalogTests-frameworks.sh\"\n";
			showEnvVarsInLog = 0;
		};
		84CA9E5D9ED2236A884F2F76 /* [CP] Copy Pods Resources */ = {
			isa = PBXShellScriptBuildPhase;
			buildActionMask = 2147483647;
			files = (
			);
			inputFileListPaths = (
			);
			inputPaths = (
			);
			name = "[CP] Copy Pods Resources";
			outputFileListPaths = (
			);
			outputPaths = (
			);
			runOnlyForDeploymentPostprocessing = 0;
			shellPath = /bin/sh;
			shellScript = "\"${SRCROOT}/Pods/Target Support Files/Pods-TextFieldsCatalog/Pods-TextFieldsCatalog-resources.sh\"\n";
			showEnvVarsInLog = 0;
		};
		90736C7321F88630003B8B78 /* SwiftGen Script */ = {
			isa = PBXShellScriptBuildPhase;
			buildActionMask = 2147483647;
			files = (
			);
			inputFileListPaths = (
			);
			inputPaths = (
			);
			name = "SwiftGen Script";
			outputFileListPaths = (
			);
			outputPaths = (
			);
			runOnlyForDeploymentPostprocessing = 0;
			shellPath = /bin/sh;
			shellScript = "\"$PODS_ROOT\"/SwiftGen/bin/swiftgen\n";
		};
		90736C7F21F88945003B8B78 /* Swift Lint */ = {
			isa = PBXShellScriptBuildPhase;
			buildActionMask = 2147483647;
			files = (
			);
			inputFileListPaths = (
			);
			inputPaths = (
			);
			name = "Swift Lint";
			outputFileListPaths = (
			);
			outputPaths = (
			);
			runOnlyForDeploymentPostprocessing = 0;
			shellPath = /bin/sh;
			shellScript = "\"${PODS_ROOT}/SwiftLint/swiftlint\"\n";
		};
		D56EE1966639A5C6A92F1FA2 /* [CP] Check Pods Manifest.lock */ = {
			isa = PBXShellScriptBuildPhase;
			buildActionMask = 2147483647;
			files = (
			);
			inputFileListPaths = (
			);
			inputPaths = (
				"${PODS_PODFILE_DIR_PATH}/Podfile.lock",
				"${PODS_ROOT}/Manifest.lock",
			);
			name = "[CP] Check Pods Manifest.lock";
			outputFileListPaths = (
			);
			outputPaths = (
				"$(DERIVED_FILE_DIR)/Pods-TextFieldsCatalogTests-checkManifestLockResult.txt",
			);
			runOnlyForDeploymentPostprocessing = 0;
			shellPath = /bin/sh;
			shellScript = "diff \"${PODS_PODFILE_DIR_PATH}/Podfile.lock\" \"${PODS_ROOT}/Manifest.lock\" > /dev/null\nif [ $? != 0 ] ; then\n    # print error to STDERR\n    echo \"error: The sandbox is not in sync with the Podfile.lock. Run 'pod install' or update your CocoaPods installation.\" >&2\n    exit 1\nfi\n# This output is used by Xcode 'outputs' to avoid re-running this script phase.\necho \"SUCCESS\" > \"${SCRIPT_OUTPUT_FILE_0}\"\n";
			showEnvVarsInLog = 0;
		};
/* End PBXShellScriptBuildPhase section */

/* Begin PBXSourcesBuildPhase section */
		90736C1F21F86099003B8B78 /* Sources */ = {
			isa = PBXSourcesBuildPhase;
			buildActionMask = 2147483647;
			files = (
				90736C5821F8786C003B8B78 /* TextFieldValidator.swift in Sources */,
				90736C5521F87827003B8B78 /* TextFieldValidation.swift in Sources */,
				90736C8621F88AF2003B8B78 /* Coordinator.swift in Sources */,
				90736C6F21F87DD5003B8B78 /* IconButton.swift in Sources */,
				90736C5F21F87A1B003B8B78 /* BorderedTextField.swift in Sources */,
				90736C8F21F88B75003B8B78 /* MainRouter.swift in Sources */,
				90736C7121F87EAD003B8B78 /* UIColor.swift in Sources */,
				90736C2721F86099003B8B78 /* AppDelegate.swift in Sources */,
				90736C9721F88CF2003B8B78 /* MainCoordinatorOutput.swift in Sources */,
				90736C8821F88B0A003B8B78 /* Presentable.swift in Sources */,
				90736C5A21F878F0003B8B78 /* MaskTextFieldFormatter.swift in Sources */,
				90736C5C21F87958003B8B78 /* FormatterMasks.swift in Sources */,
				90736C6821F87B7A003B8B78 /* Foundation.swift in Sources */,
				90736C7521F886B2003B8B78 /* Assets.swift in Sources */,
				90736C5221F877B4003B8B78 /* InnerTextField.swift in Sources */,
				90736C7E21F88891003B8B78 /* Strings.swift in Sources */,
				90736C6521F87B4C003B8B78 /* DesignableView.swift in Sources */,
				90736CA021F891E7003B8B78 /* BorderedFieldCoordinatorOutput.swift in Sources */,
				90736C6A21F87CFD003B8B78 /* CommonButton.swift in Sources */,
				90736C8421F88ACE003B8B78 /* BaseCoordinator.swift in Sources */,
				90736C6C21F87D65003B8B78 /* UIImage.swift in Sources */,
				90736C6321F87A5E003B8B78 /* Color.swift in Sources */,
				90736CB621F89DF1003B8B78 /* MainAdapter.swift in Sources */,
				914150D68B8B0199C0D698FB /* MainModuleConfigurator.swift in Sources */,
				7C0A272FC067CA9C308B9869 /* MainPresenter.swift in Sources */,
				90736C8C21F88B3B003B8B78 /* UIApplication.swift in Sources */,
				90736C9E21F891DD003B8B78 /* BorderedFieldCoordinator.swift in Sources */,
				6670098EB60FB428E14DB205 /* MainModuleInput.swift in Sources */,
				04F2D129C13DEAEAA11BE1E1 /* MainModuleOutput.swift in Sources */,
				90736C9521F88CD9003B8B78 /* MainCoordinator.swift in Sources */,
				90736C8A21F88B1E003B8B78 /* Router.swift in Sources */,
				90736CAF21F899D8003B8B78 /* CustomTitleView.swift in Sources */,
				2025FD598129275E76AD5751 /* MainViewController.swift in Sources */,
				8438070FE691B8242C2D20F2 /* MainViewInput.swift in Sources */,
				90736CAB21F8991F003B8B78 /* CommonNavigationController.swift in Sources */,
				90736C9121F88C55003B8B78 /* DeepLinkOption.swift in Sources */,
				90736CB221F89C3D003B8B78 /* CustomNavigationTitlePresentable.swift in Sources */,
				90736CA721F8977B003B8B78 /* TextFieldType.swift in Sources */,
				90736C9C21F88D29003B8B78 /* Regex.swift in Sources */,
				90736C9A21F88D11003B8B78 /* Closures.swift in Sources */,
				90736CA221F89680003B8B78 /* Constants.swift in Sources */,
				90736CA921F897C7003B8B78 /* MainModuleViewModel.swift in Sources */,
				574AF82577C54960C5CD52BA /* MainViewOutput.swift in Sources */,
				90736CB821F8A000003B8B78 /* CommonTableHeader.swift in Sources */,
				90736C9321F88CBE003B8B78 /* ApplicationCoordinator.swift in Sources */,
				D36C61033A3D3AD1BEFDDD60 /* BorderedFieldExampleModuleConfigurator.swift in Sources */,
				EBB082B1188AB0B167435077 /* BorderedFieldExamplePresenter.swift in Sources */,
				70FD7545F96FFB53F0433FC3 /* BorderedFieldExampleModuleInput.swift in Sources */,
				F2FD35D23496DF7326F416FD /* BorderedFieldExampleModuleOutput.swift in Sources */,
				16EB969CE74359E1EEB87E33 /* BorderedFieldExampleViewController.swift in Sources */,
				90736CB421F89D38003B8B78 /* String.swift in Sources */,
				B34998F7EAC446FB9F3D2695 /* BorderedFieldExampleViewInput.swift in Sources */,
				7525BB51471E3CED78A77DB4 /* BorderedFieldExampleViewOutput.swift in Sources */,
			);
			runOnlyForDeploymentPostprocessing = 0;
		};
		90736C3321F8609B003B8B78 /* Sources */ = {
			isa = PBXSourcesBuildPhase;
			buildActionMask = 2147483647;
			files = (
				90736C3C21F8609B003B8B78 /* TextFieldsCatalogTests.swift in Sources */,
			);
			runOnlyForDeploymentPostprocessing = 0;
		};
/* End PBXSourcesBuildPhase section */

/* Begin PBXTargetDependency section */
		90736C3921F8609B003B8B78 /* PBXTargetDependency */ = {
			isa = PBXTargetDependency;
			target = 90736C2221F86099003B8B78 /* TextFieldsCatalog */;
			targetProxy = 90736C3821F8609B003B8B78 /* PBXContainerItemProxy */;
		};
/* End PBXTargetDependency section */

/* Begin PBXVariantGroup section */
		90736C2F21F8609A003B8B78 /* LaunchScreen.storyboard */ = {
			isa = PBXVariantGroup;
			children = (
				90736C3021F8609A003B8B78 /* Base */,
				90736C7621F8870C003B8B78 /* ru */,
			);
			name = LaunchScreen.storyboard;
			sourceTree = "<group>";
		};
		90736C7B21F88737003B8B78 /* Localizable.strings */ = {
			isa = PBXVariantGroup;
			children = (
				90736C7A21F88737003B8B78 /* en */,
				90736C7C21F8873B003B8B78 /* ru */,
			);
			name = Localizable.strings;
			sourceTree = "<group>";
		};
/* End PBXVariantGroup section */

/* Begin XCBuildConfiguration section */
		90736C3E21F8609B003B8B78 /* Debug */ = {
			isa = XCBuildConfiguration;
			buildSettings = {
				ALWAYS_SEARCH_USER_PATHS = NO;
				CLANG_ANALYZER_LOCALIZABILITY_NONLOCALIZED = YES;
				CLANG_ANALYZER_NONNULL = YES;
				CLANG_ANALYZER_NUMBER_OBJECT_CONVERSION = YES_AGGRESSIVE;
				CLANG_CXX_LANGUAGE_STANDARD = "gnu++14";
				CLANG_CXX_LIBRARY = "libc++";
				CLANG_ENABLE_MODULES = YES;
				CLANG_ENABLE_OBJC_ARC = YES;
				CLANG_ENABLE_OBJC_WEAK = YES;
				CLANG_WARN_BLOCK_CAPTURE_AUTORELEASING = YES;
				CLANG_WARN_BOOL_CONVERSION = YES;
				CLANG_WARN_COMMA = YES;
				CLANG_WARN_CONSTANT_CONVERSION = YES;
				CLANG_WARN_DEPRECATED_OBJC_IMPLEMENTATIONS = YES;
				CLANG_WARN_DIRECT_OBJC_ISA_USAGE = YES_ERROR;
				CLANG_WARN_DOCUMENTATION_COMMENTS = YES;
				CLANG_WARN_EMPTY_BODY = YES;
				CLANG_WARN_ENUM_CONVERSION = YES;
				CLANG_WARN_INFINITE_RECURSION = YES;
				CLANG_WARN_INT_CONVERSION = YES;
				CLANG_WARN_NON_LITERAL_NULL_CONVERSION = YES;
				CLANG_WARN_OBJC_IMPLICIT_RETAIN_SELF = YES;
				CLANG_WARN_OBJC_LITERAL_CONVERSION = YES;
				CLANG_WARN_OBJC_ROOT_CLASS = YES_ERROR;
				CLANG_WARN_RANGE_LOOP_ANALYSIS = YES;
				CLANG_WARN_STRICT_PROTOTYPES = YES;
				CLANG_WARN_SUSPICIOUS_MOVE = YES;
				CLANG_WARN_UNGUARDED_AVAILABILITY = YES_AGGRESSIVE;
				CLANG_WARN_UNREACHABLE_CODE = YES;
				CLANG_WARN__DUPLICATE_METHOD_MATCH = YES;
				CODE_SIGN_IDENTITY = "iPhone Developer";
				COPY_PHASE_STRIP = NO;
				DEBUG_INFORMATION_FORMAT = dwarf;
				ENABLE_STRICT_OBJC_MSGSEND = YES;
				ENABLE_TESTABILITY = YES;
				GCC_C_LANGUAGE_STANDARD = gnu11;
				GCC_DYNAMIC_NO_PIC = NO;
				GCC_NO_COMMON_BLOCKS = YES;
				GCC_OPTIMIZATION_LEVEL = 0;
				GCC_PREPROCESSOR_DEFINITIONS = (
					"DEBUG=1",
					"$(inherited)",
				);
				GCC_WARN_64_TO_32_BIT_CONVERSION = YES;
				GCC_WARN_ABOUT_RETURN_TYPE = YES_ERROR;
				GCC_WARN_UNDECLARED_SELECTOR = YES;
				GCC_WARN_UNINITIALIZED_AUTOS = YES_AGGRESSIVE;
				GCC_WARN_UNUSED_FUNCTION = YES;
				GCC_WARN_UNUSED_VARIABLE = YES;
				IPHONEOS_DEPLOYMENT_TARGET = 12.1;
				MTL_ENABLE_DEBUG_INFO = INCLUDE_SOURCE;
				MTL_FAST_MATH = YES;
				ONLY_ACTIVE_ARCH = YES;
				SDKROOT = iphoneos;
				SWIFT_ACTIVE_COMPILATION_CONDITIONS = DEBUG;
				SWIFT_OPTIMIZATION_LEVEL = "-Onone";
			};
			name = Debug;
		};
		90736C3F21F8609B003B8B78 /* Release */ = {
			isa = XCBuildConfiguration;
			buildSettings = {
				ALWAYS_SEARCH_USER_PATHS = NO;
				CLANG_ANALYZER_LOCALIZABILITY_NONLOCALIZED = YES;
				CLANG_ANALYZER_NONNULL = YES;
				CLANG_ANALYZER_NUMBER_OBJECT_CONVERSION = YES_AGGRESSIVE;
				CLANG_CXX_LANGUAGE_STANDARD = "gnu++14";
				CLANG_CXX_LIBRARY = "libc++";
				CLANG_ENABLE_MODULES = YES;
				CLANG_ENABLE_OBJC_ARC = YES;
				CLANG_ENABLE_OBJC_WEAK = YES;
				CLANG_WARN_BLOCK_CAPTURE_AUTORELEASING = YES;
				CLANG_WARN_BOOL_CONVERSION = YES;
				CLANG_WARN_COMMA = YES;
				CLANG_WARN_CONSTANT_CONVERSION = YES;
				CLANG_WARN_DEPRECATED_OBJC_IMPLEMENTATIONS = YES;
				CLANG_WARN_DIRECT_OBJC_ISA_USAGE = YES_ERROR;
				CLANG_WARN_DOCUMENTATION_COMMENTS = YES;
				CLANG_WARN_EMPTY_BODY = YES;
				CLANG_WARN_ENUM_CONVERSION = YES;
				CLANG_WARN_INFINITE_RECURSION = YES;
				CLANG_WARN_INT_CONVERSION = YES;
				CLANG_WARN_NON_LITERAL_NULL_CONVERSION = YES;
				CLANG_WARN_OBJC_IMPLICIT_RETAIN_SELF = YES;
				CLANG_WARN_OBJC_LITERAL_CONVERSION = YES;
				CLANG_WARN_OBJC_ROOT_CLASS = YES_ERROR;
				CLANG_WARN_RANGE_LOOP_ANALYSIS = YES;
				CLANG_WARN_STRICT_PROTOTYPES = YES;
				CLANG_WARN_SUSPICIOUS_MOVE = YES;
				CLANG_WARN_UNGUARDED_AVAILABILITY = YES_AGGRESSIVE;
				CLANG_WARN_UNREACHABLE_CODE = YES;
				CLANG_WARN__DUPLICATE_METHOD_MATCH = YES;
				CODE_SIGN_IDENTITY = "iPhone Developer";
				COPY_PHASE_STRIP = NO;
				DEBUG_INFORMATION_FORMAT = "dwarf-with-dsym";
				ENABLE_NS_ASSERTIONS = NO;
				ENABLE_STRICT_OBJC_MSGSEND = YES;
				GCC_C_LANGUAGE_STANDARD = gnu11;
				GCC_NO_COMMON_BLOCKS = YES;
				GCC_WARN_64_TO_32_BIT_CONVERSION = YES;
				GCC_WARN_ABOUT_RETURN_TYPE = YES_ERROR;
				GCC_WARN_UNDECLARED_SELECTOR = YES;
				GCC_WARN_UNINITIALIZED_AUTOS = YES_AGGRESSIVE;
				GCC_WARN_UNUSED_FUNCTION = YES;
				GCC_WARN_UNUSED_VARIABLE = YES;
				IPHONEOS_DEPLOYMENT_TARGET = 12.1;
				MTL_ENABLE_DEBUG_INFO = NO;
				MTL_FAST_MATH = YES;
				SDKROOT = iphoneos;
				SWIFT_COMPILATION_MODE = wholemodule;
				SWIFT_OPTIMIZATION_LEVEL = "-O";
				VALIDATE_PRODUCT = YES;
			};
			name = Release;
		};
		90736C4121F8609B003B8B78 /* Debug */ = {
			isa = XCBuildConfiguration;
			baseConfigurationReference = 769890F734CD1746A10C76A5 /* Pods-TextFieldsCatalog.debug.xcconfig */;
			buildSettings = {
				ASSETCATALOG_COMPILER_APPICON_NAME = AppIcon;
				CODE_SIGN_STYLE = Automatic;
				DEVELOPMENT_TEAM = B9639RHZFT;
				INFOPLIST_FILE = TextFieldsCatalog/Info.plist;
				IPHONEOS_DEPLOYMENT_TARGET = 10.0;
				LD_RUNPATH_SEARCH_PATHS = (
					"$(inherited)",
					"@executable_path/Frameworks",
				);
				PRODUCT_BUNDLE_IDENTIFIER = surf.TextFieldsCatalog;
				PRODUCT_NAME = "$(TARGET_NAME)";
				SWIFT_VERSION = 4.2;
				TARGETED_DEVICE_FAMILY = 1;
			};
			name = Debug;
		};
		90736C4221F8609B003B8B78 /* Release */ = {
			isa = XCBuildConfiguration;
			baseConfigurationReference = AA96401BD5D56186C0F4D774 /* Pods-TextFieldsCatalog.release.xcconfig */;
			buildSettings = {
				ASSETCATALOG_COMPILER_APPICON_NAME = AppIcon;
				CODE_SIGN_STYLE = Automatic;
				DEVELOPMENT_TEAM = B9639RHZFT;
				INFOPLIST_FILE = TextFieldsCatalog/Info.plist;
				IPHONEOS_DEPLOYMENT_TARGET = 10.0;
				LD_RUNPATH_SEARCH_PATHS = (
					"$(inherited)",
					"@executable_path/Frameworks",
				);
				PRODUCT_BUNDLE_IDENTIFIER = surf.TextFieldsCatalog;
				PRODUCT_NAME = "$(TARGET_NAME)";
				SWIFT_VERSION = 4.2;
				TARGETED_DEVICE_FAMILY = 1;
			};
			name = Release;
		};
		90736C4421F8609B003B8B78 /* Debug */ = {
			isa = XCBuildConfiguration;
			baseConfigurationReference = 6B9F409927AD029A70C26A8B /* Pods-TextFieldsCatalogTests.debug.xcconfig */;
			buildSettings = {
				ALWAYS_EMBED_SWIFT_STANDARD_LIBRARIES = YES;
				BUNDLE_LOADER = "$(TEST_HOST)";
				CODE_SIGN_STYLE = Automatic;
				DEVELOPMENT_TEAM = B9639RHZFT;
				INFOPLIST_FILE = TextFieldsCatalogTests/Info.plist;
				LD_RUNPATH_SEARCH_PATHS = (
					"$(inherited)",
					"@executable_path/Frameworks",
					"@loader_path/Frameworks",
				);
				PRODUCT_BUNDLE_IDENTIFIER = surf.TextFieldsCatalogTests;
				PRODUCT_NAME = "$(TARGET_NAME)";
				SWIFT_VERSION = 4.2;
				TARGETED_DEVICE_FAMILY = "1,2";
				TEST_HOST = "$(BUILT_PRODUCTS_DIR)/TextFieldsCatalog.app/TextFieldsCatalog";
			};
			name = Debug;
		};
		90736C4521F8609B003B8B78 /* Release */ = {
			isa = XCBuildConfiguration;
			baseConfigurationReference = 63BCA0129C1D70CDC1C3E6E3 /* Pods-TextFieldsCatalogTests.release.xcconfig */;
			buildSettings = {
				ALWAYS_EMBED_SWIFT_STANDARD_LIBRARIES = YES;
				BUNDLE_LOADER = "$(TEST_HOST)";
				CODE_SIGN_STYLE = Automatic;
				DEVELOPMENT_TEAM = B9639RHZFT;
				INFOPLIST_FILE = TextFieldsCatalogTests/Info.plist;
				LD_RUNPATH_SEARCH_PATHS = (
					"$(inherited)",
					"@executable_path/Frameworks",
					"@loader_path/Frameworks",
				);
				PRODUCT_BUNDLE_IDENTIFIER = surf.TextFieldsCatalogTests;
				PRODUCT_NAME = "$(TARGET_NAME)";
				SWIFT_VERSION = 4.2;
				TARGETED_DEVICE_FAMILY = "1,2";
				TEST_HOST = "$(BUILT_PRODUCTS_DIR)/TextFieldsCatalog.app/TextFieldsCatalog";
			};
			name = Release;
		};
/* End XCBuildConfiguration section */

/* Begin XCConfigurationList section */
		90736C1E21F86099003B8B78 /* Build configuration list for PBXProject "TextFieldsCatalog" */ = {
			isa = XCConfigurationList;
			buildConfigurations = (
				90736C3E21F8609B003B8B78 /* Debug */,
				90736C3F21F8609B003B8B78 /* Release */,
			);
			defaultConfigurationIsVisible = 0;
			defaultConfigurationName = Release;
		};
		90736C4021F8609B003B8B78 /* Build configuration list for PBXNativeTarget "TextFieldsCatalog" */ = {
			isa = XCConfigurationList;
			buildConfigurations = (
				90736C4121F8609B003B8B78 /* Debug */,
				90736C4221F8609B003B8B78 /* Release */,
			);
			defaultConfigurationIsVisible = 0;
			defaultConfigurationName = Release;
		};
		90736C4321F8609B003B8B78 /* Build configuration list for PBXNativeTarget "TextFieldsCatalogTests" */ = {
			isa = XCConfigurationList;
			buildConfigurations = (
				90736C4421F8609B003B8B78 /* Debug */,
				90736C4521F8609B003B8B78 /* Release */,
			);
			defaultConfigurationIsVisible = 0;
			defaultConfigurationName = Release;
		};
/* End XCConfigurationList section */
	};
	rootObject = 90736C1B21F86099003B8B78 /* Project object */;
}
