// !$*UTF8*$!
{
	archiveVersion = 1;
	classes = {
	};
	objectVersion = 50;
	objects = {

/* Begin PBXBuildFile section */
		50B6430D7DAE7D25EA168780 /* Pods_TextFieldsCatalog.framework in Frameworks */ = {isa = PBXBuildFile; fileRef = AE597D7226F11C5666C0ACD9 /* Pods_TextFieldsCatalog.framework */; };
		902CE2E821FF6D6D00AC21D4 /* Localizable.strings in Resources */ = {isa = PBXBuildFile; fileRef = 902CE2EA21FF6D6D00AC21D4 /* Localizable.strings */; };
		902CE2ED21FF6D9C00AC21D4 /* Strings.swift in Sources */ = {isa = PBXBuildFile; fileRef = 902CE2EC21FF6D9C00AC21D4 /* Strings.swift */; };
		902CE2EF21FF702F00AC21D4 /* SharedRegex.swift in Sources */ = {isa = PBXBuildFile; fileRef = 902CE2EE21FF702F00AC21D4 /* SharedRegex.swift */; };
		902CE2F121FF707E00AC21D4 /* FormatterMasks.swift in Sources */ = {isa = PBXBuildFile; fileRef = 902CE2F021FF707E00AC21D4 /* FormatterMasks.swift */; };
		902CE2F321FF70B000AC21D4 /* MaskTextFieldFormatter.swift in Sources */ = {isa = PBXBuildFile; fileRef = 902CE2F221FF70B000AC21D4 /* MaskTextFieldFormatter.swift */; };
		902CE2F521FF70C500AC21D4 /* TextFieldValidator.swift in Sources */ = {isa = PBXBuildFile; fileRef = 902CE2F421FF70C500AC21D4 /* TextFieldValidator.swift */; };
		902CE2F821FF70E500AC21D4 /* ConfigurationParameters.swift in Sources */ = {isa = PBXBuildFile; fileRef = 902CE2F721FF70E500AC21D4 /* ConfigurationParameters.swift */; };
		902CE2FA21FF710400AC21D4 /* TextFieldConfigurations.swift in Sources */ = {isa = PBXBuildFile; fileRef = 902CE2F921FF710400AC21D4 /* TextFieldConfigurations.swift */; };
		902CE2FD21FF712900AC21D4 /* BorderedTextField.swift in Sources */ = {isa = PBXBuildFile; fileRef = 902CE2FB21FF712900AC21D4 /* BorderedTextField.swift */; };
		902CE2FE21FF712900AC21D4 /* BorderedTextField.xib in Resources */ = {isa = PBXBuildFile; fileRef = 902CE2FC21FF712900AC21D4 /* BorderedTextField.xib */; };
		902CE30121FF719B00AC21D4 /* UnderlinedTextField.xib in Resources */ = {isa = PBXBuildFile; fileRef = 902CE2FF21FF719B00AC21D4 /* UnderlinedTextField.xib */; };
		902CE30221FF719B00AC21D4 /* UnderlinedTextField.swift in Sources */ = {isa = PBXBuildFile; fileRef = 902CE30021FF719B00AC21D4 /* UnderlinedTextField.swift */; };
		903863DF21FF550D00BAA761 /* TextFieldsCatalog.framework in Frameworks */ = {isa = PBXBuildFile; fileRef = 903863D521FF550D00BAA761 /* TextFieldsCatalog.framework */; };
		903863E421FF550D00BAA761 /* TextFieldsCatalogTests.swift in Sources */ = {isa = PBXBuildFile; fileRef = 903863E321FF550D00BAA761 /* TextFieldsCatalogTests.swift */; };
		903863E621FF550D00BAA761 /* TextFieldsCatalog.h in Headers */ = {isa = PBXBuildFile; fileRef = 903863D821FF550D00BAA761 /* TextFieldsCatalog.h */; settings = {ATTRIBUTES = (Public, ); }; };
		903863FE21FF590700BAA761 /* Color.swift in Sources */ = {isa = PBXBuildFile; fileRef = 903863FD21FF590700BAA761 /* Color.swift */; };
		9038640021FF592100BAA761 /* UIColor.swift in Sources */ = {isa = PBXBuildFile; fileRef = 903863FF21FF592100BAA761 /* UIColor.swift */; };
		9038640221FF595300BAA761 /* UIImage.swift in Sources */ = {isa = PBXBuildFile; fileRef = 9038640121FF595300BAA761 /* UIImage.swift */; };
		9038640421FF597600BAA761 /* CommonButton.swift in Sources */ = {isa = PBXBuildFile; fileRef = 9038640321FF597600BAA761 /* CommonButton.swift */; };
		9038640621FF599D00BAA761 /* InnerDesignableView.swift in Sources */ = {isa = PBXBuildFile; fileRef = 9038640521FF599D00BAA761 /* InnerDesignableView.swift */; };
		9038640821FF59BC00BAA761 /* InnerTextField.swift in Sources */ = {isa = PBXBuildFile; fileRef = 9038640721FF59BC00BAA761 /* InnerTextField.swift */; };
		9038640A21FF59D300BAA761 /* Foundation.swift in Sources */ = {isa = PBXBuildFile; fileRef = 9038640921FF59D300BAA761 /* Foundation.swift */; };
		9038640C21FF5A0100BAA761 /* ResetableField.swift in Sources */ = {isa = PBXBuildFile; fileRef = 9038640B21FF5A0100BAA761 /* ResetableField.swift */; };
		9038640E21FF5A1300BAA761 /* TextFieldValidation.swift in Sources */ = {isa = PBXBuildFile; fileRef = 9038640D21FF5A1300BAA761 /* TextFieldValidation.swift */; };
		9038641021FF5A3600BAA761 /* IconButton.swift in Sources */ = {isa = PBXBuildFile; fileRef = 9038640F21FF5A3600BAA761 /* IconButton.swift */; };
		9038641421FF5F6900BAA761 /* Assets.xcassets in Resources */ = {isa = PBXBuildFile; fileRef = 9038641321FF5F6900BAA761 /* Assets.xcassets */; };
		9038641621FF5FB500BAA761 /* Assets.swift in Sources */ = {isa = PBXBuildFile; fileRef = 9038641521FF5FB500BAA761 /* Assets.swift */; };
		C54243D867C082DEEE6837E3 /* Pods_TextFieldsCatalogTests.framework in Frameworks */ = {isa = PBXBuildFile; fileRef = 0BE916FD724CB5EEEA122919 /* Pods_TextFieldsCatalogTests.framework */; };
/* End PBXBuildFile section */

/* Begin PBXContainerItemProxy section */
		903863E021FF550D00BAA761 /* PBXContainerItemProxy */ = {
			isa = PBXContainerItemProxy;
			containerPortal = 903863CC21FF550D00BAA761 /* Project object */;
			proxyType = 1;
			remoteGlobalIDString = 903863D421FF550D00BAA761;
			remoteInfo = TextFieldsCatalog;
		};
/* End PBXContainerItemProxy section */

/* Begin PBXFileReference section */
		0BE916FD724CB5EEEA122919 /* Pods_TextFieldsCatalogTests.framework */ = {isa = PBXFileReference; explicitFileType = wrapper.framework; includeInIndex = 0; path = Pods_TextFieldsCatalogTests.framework; sourceTree = BUILT_PRODUCTS_DIR; };
		2544D9C7000E4E9EEFE58E84 /* Pods-TextFieldsCatalog.release.xcconfig */ = {isa = PBXFileReference; includeInIndex = 1; lastKnownFileType = text.xcconfig; name = "Pods-TextFieldsCatalog.release.xcconfig"; path = "Pods/Target Support Files/Pods-TextFieldsCatalog/Pods-TextFieldsCatalog.release.xcconfig"; sourceTree = "<group>"; };
		2E9721A780F7BB9DF0720B41 /* Pods-TextFieldsCatalogTests.release.xcconfig */ = {isa = PBXFileReference; includeInIndex = 1; lastKnownFileType = text.xcconfig; name = "Pods-TextFieldsCatalogTests.release.xcconfig"; path = "Pods/Target Support Files/Pods-TextFieldsCatalogTests/Pods-TextFieldsCatalogTests.release.xcconfig"; sourceTree = "<group>"; };
		902CE2E921FF6D6D00AC21D4 /* en */ = {isa = PBXFileReference; lastKnownFileType = text.plist.strings; name = en; path = en.lproj/Localizable.strings; sourceTree = "<group>"; };
		902CE2EB21FF6D7D00AC21D4 /* ru */ = {isa = PBXFileReference; lastKnownFileType = text.plist.strings; name = ru; path = ru.lproj/Localizable.strings; sourceTree = "<group>"; };
		902CE2EC21FF6D9C00AC21D4 /* Strings.swift */ = {isa = PBXFileReference; lastKnownFileType = sourcecode.swift; path = Strings.swift; sourceTree = "<group>"; };
		902CE2EE21FF702F00AC21D4 /* SharedRegex.swift */ = {isa = PBXFileReference; lastKnownFileType = sourcecode.swift; path = SharedRegex.swift; sourceTree = "<group>"; };
		902CE2F021FF707E00AC21D4 /* FormatterMasks.swift */ = {isa = PBXFileReference; lastKnownFileType = sourcecode.swift; path = FormatterMasks.swift; sourceTree = "<group>"; };
		902CE2F221FF70B000AC21D4 /* MaskTextFieldFormatter.swift */ = {isa = PBXFileReference; lastKnownFileType = sourcecode.swift; path = MaskTextFieldFormatter.swift; sourceTree = "<group>"; };
		902CE2F421FF70C500AC21D4 /* TextFieldValidator.swift */ = {isa = PBXFileReference; lastKnownFileType = sourcecode.swift; path = TextFieldValidator.swift; sourceTree = "<group>"; };
		902CE2F721FF70E500AC21D4 /* ConfigurationParameters.swift */ = {isa = PBXFileReference; lastKnownFileType = sourcecode.swift; path = ConfigurationParameters.swift; sourceTree = "<group>"; };
		902CE2F921FF710400AC21D4 /* TextFieldConfigurations.swift */ = {isa = PBXFileReference; lastKnownFileType = sourcecode.swift; path = TextFieldConfigurations.swift; sourceTree = "<group>"; };
		902CE2FB21FF712900AC21D4 /* BorderedTextField.swift */ = {isa = PBXFileReference; fileEncoding = 4; lastKnownFileType = sourcecode.swift; path = BorderedTextField.swift; sourceTree = "<group>"; };
		902CE2FC21FF712900AC21D4 /* BorderedTextField.xib */ = {isa = PBXFileReference; fileEncoding = 4; lastKnownFileType = file.xib; path = BorderedTextField.xib; sourceTree = "<group>"; };
		902CE2FF21FF719B00AC21D4 /* UnderlinedTextField.xib */ = {isa = PBXFileReference; fileEncoding = 4; lastKnownFileType = file.xib; path = UnderlinedTextField.xib; sourceTree = "<group>"; };
		902CE30021FF719B00AC21D4 /* UnderlinedTextField.swift */ = {isa = PBXFileReference; fileEncoding = 4; lastKnownFileType = sourcecode.swift; path = UnderlinedTextField.swift; sourceTree = "<group>"; };
		903863D521FF550D00BAA761 /* TextFieldsCatalog.framework */ = {isa = PBXFileReference; explicitFileType = wrapper.framework; includeInIndex = 0; path = TextFieldsCatalog.framework; sourceTree = BUILT_PRODUCTS_DIR; };
		903863D821FF550D00BAA761 /* TextFieldsCatalog.h */ = {isa = PBXFileReference; lastKnownFileType = sourcecode.c.h; path = TextFieldsCatalog.h; sourceTree = "<group>"; };
		903863D921FF550D00BAA761 /* Info.plist */ = {isa = PBXFileReference; lastKnownFileType = text.plist.xml; path = Info.plist; sourceTree = "<group>"; };
		903863DE21FF550D00BAA761 /* TextFieldsCatalogTests.xctest */ = {isa = PBXFileReference; explicitFileType = wrapper.cfbundle; includeInIndex = 0; path = TextFieldsCatalogTests.xctest; sourceTree = BUILT_PRODUCTS_DIR; };
		903863E321FF550D00BAA761 /* TextFieldsCatalogTests.swift */ = {isa = PBXFileReference; lastKnownFileType = sourcecode.swift; path = TextFieldsCatalogTests.swift; sourceTree = "<group>"; };
		903863E521FF550D00BAA761 /* Info.plist */ = {isa = PBXFileReference; lastKnownFileType = text.plist.xml; path = Info.plist; sourceTree = "<group>"; };
		903863FD21FF590700BAA761 /* Color.swift */ = {isa = PBXFileReference; lastKnownFileType = sourcecode.swift; path = Color.swift; sourceTree = "<group>"; };
		903863FF21FF592100BAA761 /* UIColor.swift */ = {isa = PBXFileReference; lastKnownFileType = sourcecode.swift; path = UIColor.swift; sourceTree = "<group>"; };
		9038640121FF595300BAA761 /* UIImage.swift */ = {isa = PBXFileReference; lastKnownFileType = sourcecode.swift; path = UIImage.swift; sourceTree = "<group>"; };
		9038640321FF597600BAA761 /* CommonButton.swift */ = {isa = PBXFileReference; lastKnownFileType = sourcecode.swift; path = CommonButton.swift; sourceTree = "<group>"; };
		9038640521FF599D00BAA761 /* InnerDesignableView.swift */ = {isa = PBXFileReference; lastKnownFileType = sourcecode.swift; path = InnerDesignableView.swift; sourceTree = "<group>"; };
		9038640721FF59BC00BAA761 /* InnerTextField.swift */ = {isa = PBXFileReference; lastKnownFileType = sourcecode.swift; path = InnerTextField.swift; sourceTree = "<group>"; };
		9038640921FF59D300BAA761 /* Foundation.swift */ = {isa = PBXFileReference; lastKnownFileType = sourcecode.swift; path = Foundation.swift; sourceTree = "<group>"; };
		9038640B21FF5A0100BAA761 /* ResetableField.swift */ = {isa = PBXFileReference; lastKnownFileType = sourcecode.swift; path = ResetableField.swift; sourceTree = "<group>"; };
		9038640D21FF5A1300BAA761 /* TextFieldValidation.swift */ = {isa = PBXFileReference; lastKnownFileType = sourcecode.swift; path = TextFieldValidation.swift; sourceTree = "<group>"; };
		9038640F21FF5A3600BAA761 /* IconButton.swift */ = {isa = PBXFileReference; lastKnownFileType = sourcecode.swift; path = IconButton.swift; sourceTree = "<group>"; };
		9038641321FF5F6900BAA761 /* Assets.xcassets */ = {isa = PBXFileReference; lastKnownFileType = folder.assetcatalog; path = Assets.xcassets; sourceTree = "<group>"; };
		9038641521FF5FB500BAA761 /* Assets.swift */ = {isa = PBXFileReference; lastKnownFileType = sourcecode.swift; path = Assets.swift; sourceTree = "<group>"; };
		AE597D7226F11C5666C0ACD9 /* Pods_TextFieldsCatalog.framework */ = {isa = PBXFileReference; explicitFileType = wrapper.framework; includeInIndex = 0; path = Pods_TextFieldsCatalog.framework; sourceTree = BUILT_PRODUCTS_DIR; };
		C85FAD03B2BFDDF9E9787A91 /* Pods-TextFieldsCatalog.debug.xcconfig */ = {isa = PBXFileReference; includeInIndex = 1; lastKnownFileType = text.xcconfig; name = "Pods-TextFieldsCatalog.debug.xcconfig"; path = "Pods/Target Support Files/Pods-TextFieldsCatalog/Pods-TextFieldsCatalog.debug.xcconfig"; sourceTree = "<group>"; };
		E30534D5194689C73C18CE1A /* Pods-TextFieldsCatalogTests.debug.xcconfig */ = {isa = PBXFileReference; includeInIndex = 1; lastKnownFileType = text.xcconfig; name = "Pods-TextFieldsCatalogTests.debug.xcconfig"; path = "Pods/Target Support Files/Pods-TextFieldsCatalogTests/Pods-TextFieldsCatalogTests.debug.xcconfig"; sourceTree = "<group>"; };
/* End PBXFileReference section */

/* Begin PBXFrameworksBuildPhase section */
		903863D221FF550D00BAA761 /* Frameworks */ = {
			isa = PBXFrameworksBuildPhase;
			buildActionMask = 2147483647;
			files = (
				50B6430D7DAE7D25EA168780 /* Pods_TextFieldsCatalog.framework in Frameworks */,
			);
			runOnlyForDeploymentPostprocessing = 0;
		};
		903863DB21FF550D00BAA761 /* Frameworks */ = {
			isa = PBXFrameworksBuildPhase;
			buildActionMask = 2147483647;
			files = (
				903863DF21FF550D00BAA761 /* TextFieldsCatalog.framework in Frameworks */,
				C54243D867C082DEEE6837E3 /* Pods_TextFieldsCatalogTests.framework in Frameworks */,
			);
			runOnlyForDeploymentPostprocessing = 0;
		};
/* End PBXFrameworksBuildPhase section */

/* Begin PBXGroup section */
		36C1D74E3A6EFD7D46A15D38 /* Frameworks */ = {
			isa = PBXGroup;
			children = (
				AE597D7226F11C5666C0ACD9 /* Pods_TextFieldsCatalog.framework */,
				0BE916FD724CB5EEEA122919 /* Pods_TextFieldsCatalogTests.framework */,
			);
			name = Frameworks;
			sourceTree = "<group>";
		};
		902CE2F621FF70D700AC21D4 /* Configuration */ = {
			isa = PBXGroup;
			children = (
				902CE2F721FF70E500AC21D4 /* ConfigurationParameters.swift */,
				902CE2F921FF710400AC21D4 /* TextFieldConfigurations.swift */,
			);
			path = Configuration;
			sourceTree = "<group>";
		};
		903863CB21FF550D00BAA761 = {
			isa = PBXGroup;
			children = (
				903863D721FF550D00BAA761 /* TextFieldsCatalog */,
				903863E221FF550D00BAA761 /* TextFieldsCatalogTests */,
				903863D621FF550D00BAA761 /* Products */,
				F34EC8AAFBCB28C6FC910AF7 /* Pods */,
				36C1D74E3A6EFD7D46A15D38 /* Frameworks */,
			);
			sourceTree = "<group>";
		};
		903863D621FF550D00BAA761 /* Products */ = {
			isa = PBXGroup;
			children = (
				903863D521FF550D00BAA761 /* TextFieldsCatalog.framework */,
				903863DE21FF550D00BAA761 /* TextFieldsCatalogTests.xctest */,
			);
			name = Products;
			sourceTree = "<group>";
		};
		903863D721FF550D00BAA761 /* TextFieldsCatalog */ = {
			isa = PBXGroup;
			children = (
				903863F021FF57EC00BAA761 /* Library */,
				903863F621FF587100BAA761 /* Resources */,
				903863EF21FF57D300BAA761 /* TextFields */,
				903863D821FF550D00BAA761 /* TextFieldsCatalog.h */,
				903863D921FF550D00BAA761 /* Info.plist */,
			);
			path = TextFieldsCatalog;
			sourceTree = "<group>";
		};
		903863E221FF550D00BAA761 /* TextFieldsCatalogTests */ = {
			isa = PBXGroup;
			children = (
				903863E321FF550D00BAA761 /* TextFieldsCatalogTests.swift */,
				903863E521FF550D00BAA761 /* Info.plist */,
			);
			path = TextFieldsCatalogTests;
			sourceTree = "<group>";
		};
		903863EF21FF57D300BAA761 /* TextFields */ = {
			isa = PBXGroup;
			children = (
				902CE2F621FF70D700AC21D4 /* Configuration */,
				903863FC21FF58E100BAA761 /* BorderedTextField */,
				903863FB21FF58D500BAA761 /* UnderlinedTextField */,
			);
			path = TextFields;
			sourceTree = "<group>";
		};
		903863F021FF57EC00BAA761 /* Library */ = {
			isa = PBXGroup;
			children = (
				903863F121FF57FE00BAA761 /* BaseClasses */,
				903863F221FF581300BAA761 /* Extensions */,
				903863F321FF583A00BAA761 /* Protocols */,
				903863F421FF584E00BAA761 /* Reusable */,
				903863F521FF585A00BAA761 /* Utils */,
			);
			path = Library;
			sourceTree = "<group>";
		};
		903863F121FF57FE00BAA761 /* BaseClasses */ = {
			isa = PBXGroup;
			children = (
				9038640321FF597600BAA761 /* CommonButton.swift */,
				9038640521FF599D00BAA761 /* InnerDesignableView.swift */,
				9038640721FF59BC00BAA761 /* InnerTextField.swift */,
			);
			path = BaseClasses;
			sourceTree = "<group>";
		};
		903863F221FF581300BAA761 /* Extensions */ = {
			isa = PBXGroup;
			children = (
				9038640921FF59D300BAA761 /* Foundation.swift */,
				903863FF21FF592100BAA761 /* UIColor.swift */,
				9038640121FF595300BAA761 /* UIImage.swift */,
			);
			path = Extensions;
			sourceTree = "<group>";
		};
		903863F321FF583A00BAA761 /* Protocols */ = {
			isa = PBXGroup;
			children = (
				9038640B21FF5A0100BAA761 /* ResetableField.swift */,
				9038640D21FF5A1300BAA761 /* TextFieldValidation.swift */,
			);
			path = Protocols;
			sourceTree = "<group>";
		};
		903863F421FF584E00BAA761 /* Reusable */ = {
			isa = PBXGroup;
			children = (
				9038640F21FF5A3600BAA761 /* IconButton.swift */,
			);
			path = Reusable;
			sourceTree = "<group>";
		};
		903863F521FF585A00BAA761 /* Utils */ = {
			isa = PBXGroup;
			children = (
				902CE2F021FF707E00AC21D4 /* FormatterMasks.swift */,
				902CE2F221FF70B000AC21D4 /* MaskTextFieldFormatter.swift */,
				902CE2F421FF70C500AC21D4 /* TextFieldValidator.swift */,
			);
			path = Utils;
			sourceTree = "<group>";
		};
		903863F621FF587100BAA761 /* Resources */ = {
			isa = PBXGroup;
			children = (
				903863FA21FF58AA00BAA761 /* Colors */,
				903863F921FF589300BAA761 /* Constants */,
				903863F821FF588E00BAA761 /* Images */,
				903863F721FF588900BAA761 /* Strings */,
			);
			path = Resources;
			sourceTree = "<group>";
		};
		903863F721FF588900BAA761 /* Strings */ = {
			isa = PBXGroup;
			children = (
				902CE2EA21FF6D6D00AC21D4 /* Localizable.strings */,
				902CE2EC21FF6D9C00AC21D4 /* Strings.swift */,
			);
			path = Strings;
			sourceTree = "<group>";
		};
		903863F821FF588E00BAA761 /* Images */ = {
			isa = PBXGroup;
			children = (
				9038641521FF5FB500BAA761 /* Assets.swift */,
				9038641321FF5F6900BAA761 /* Assets.xcassets */,
			);
			path = Images;
			sourceTree = "<group>";
		};
		903863F921FF589300BAA761 /* Constants */ = {
			isa = PBXGroup;
			children = (
				902CE2EE21FF702F00AC21D4 /* SharedRegex.swift */,
			);
			path = Constants;
			sourceTree = "<group>";
		};
		903863FA21FF58AA00BAA761 /* Colors */ = {
			isa = PBXGroup;
			children = (
				903863FD21FF590700BAA761 /* Color.swift */,
			);
			path = Colors;
			sourceTree = "<group>";
		};
		903863FB21FF58D500BAA761 /* UnderlinedTextField */ = {
			isa = PBXGroup;
			children = (
				902CE30021FF719B00AC21D4 /* UnderlinedTextField.swift */,
				902CE2FF21FF719B00AC21D4 /* UnderlinedTextField.xib */,
			);
			path = UnderlinedTextField;
			sourceTree = "<group>";
		};
		903863FC21FF58E100BAA761 /* BorderedTextField */ = {
			isa = PBXGroup;
			children = (
				902CE2FB21FF712900AC21D4 /* BorderedTextField.swift */,
				902CE2FC21FF712900AC21D4 /* BorderedTextField.xib */,
			);
			path = BorderedTextField;
			sourceTree = "<group>";
		};
		F34EC8AAFBCB28C6FC910AF7 /* Pods */ = {
			isa = PBXGroup;
			children = (
				C85FAD03B2BFDDF9E9787A91 /* Pods-TextFieldsCatalog.debug.xcconfig */,
				2544D9C7000E4E9EEFE58E84 /* Pods-TextFieldsCatalog.release.xcconfig */,
				E30534D5194689C73C18CE1A /* Pods-TextFieldsCatalogTests.debug.xcconfig */,
				2E9721A780F7BB9DF0720B41 /* Pods-TextFieldsCatalogTests.release.xcconfig */,
			);
			name = Pods;
			sourceTree = "<group>";
		};
/* End PBXGroup section */

/* Begin PBXHeadersBuildPhase section */
		903863D021FF550D00BAA761 /* Headers */ = {
			isa = PBXHeadersBuildPhase;
			buildActionMask = 2147483647;
			files = (
				903863E621FF550D00BAA761 /* TextFieldsCatalog.h in Headers */,
			);
			runOnlyForDeploymentPostprocessing = 0;
		};
/* End PBXHeadersBuildPhase section */

/* Begin PBXNativeTarget section */
		903863D421FF550D00BAA761 /* TextFieldsCatalog */ = {
			isa = PBXNativeTarget;
			buildConfigurationList = 903863E921FF550D00BAA761 /* Build configuration list for PBXNativeTarget "TextFieldsCatalog" */;
			buildPhases = (
				4139A5BD250F1AE565AC5035 /* [CP] Check Pods Manifest.lock */,
				9038641121FF5EEE00BAA761 /* SwiftGen Script */,
				9038641221FF5F0800BAA761 /* SwiftLint Script */,
				903863D021FF550D00BAA761 /* Headers */,
				903863D121FF550D00BAA761 /* Sources */,
				903863D221FF550D00BAA761 /* Frameworks */,
				903863D321FF550D00BAA761 /* Resources */,
				BB4A81776765467C09ECAD6A /* [CP] Copy Pods Resources */,
			);
			buildRules = (
			);
			dependencies = (
			);
			name = TextFieldsCatalog;
			productName = TextFieldsCatalog;
			productReference = 903863D521FF550D00BAA761 /* TextFieldsCatalog.framework */;
			productType = "com.apple.product-type.framework";
		};
		903863DD21FF550D00BAA761 /* TextFieldsCatalogTests */ = {
			isa = PBXNativeTarget;
			buildConfigurationList = 903863EC21FF550D00BAA761 /* Build configuration list for PBXNativeTarget "TextFieldsCatalogTests" */;
			buildPhases = (
				2BB9C98E4B1DC82F24657D6B /* [CP] Check Pods Manifest.lock */,
				903863DA21FF550D00BAA761 /* Sources */,
				903863DB21FF550D00BAA761 /* Frameworks */,
				903863DC21FF550D00BAA761 /* Resources */,
				8A19ADD096FC6F67F367D62F /* [CP] Embed Pods Frameworks */,
				03D278F68DC61F4363EBC3DD /* [CP] Copy Pods Resources */,
			);
			buildRules = (
			);
			dependencies = (
				903863E121FF550D00BAA761 /* PBXTargetDependency */,
			);
			name = TextFieldsCatalogTests;
			productName = TextFieldsCatalogTests;
			productReference = 903863DE21FF550D00BAA761 /* TextFieldsCatalogTests.xctest */;
			productType = "com.apple.product-type.bundle.unit-test";
		};
/* End PBXNativeTarget section */

/* Begin PBXProject section */
		903863CC21FF550D00BAA761 /* Project object */ = {
			isa = PBXProject;
			attributes = {
				LastSwiftUpdateCheck = 1010;
				LastUpgradeCheck = 1010;
				ORGANIZATIONNAME = "Александр Чаусов";
				TargetAttributes = {
					903863D421FF550D00BAA761 = {
						CreatedOnToolsVersion = 10.1;
						LastSwiftMigration = 1010;
					};
					903863DD21FF550D00BAA761 = {
						CreatedOnToolsVersion = 10.1;
					};
				};
			};
			buildConfigurationList = 903863CF21FF550D00BAA761 /* Build configuration list for PBXProject "TextFieldsCatalog" */;
			compatibilityVersion = "Xcode 9.3";
			developmentRegion = en;
			hasScannedForEncodings = 0;
			knownRegions = (
				en,
				ru,
			);
			mainGroup = 903863CB21FF550D00BAA761;
			productRefGroup = 903863D621FF550D00BAA761 /* Products */;
			projectDirPath = "";
			projectRoot = "";
			targets = (
				903863D421FF550D00BAA761 /* TextFieldsCatalog */,
				903863DD21FF550D00BAA761 /* TextFieldsCatalogTests */,
			);
		};
/* End PBXProject section */

/* Begin PBXResourcesBuildPhase section */
		903863D321FF550D00BAA761 /* Resources */ = {
			isa = PBXResourcesBuildPhase;
			buildActionMask = 2147483647;
			files = (
				9038641421FF5F6900BAA761 /* Assets.xcassets in Resources */,
				902CE2FE21FF712900AC21D4 /* BorderedTextField.xib in Resources */,
				902CE2E821FF6D6D00AC21D4 /* Localizable.strings in Resources */,
				902CE30121FF719B00AC21D4 /* UnderlinedTextField.xib in Resources */,
			);
			runOnlyForDeploymentPostprocessing = 0;
		};
		903863DC21FF550D00BAA761 /* Resources */ = {
			isa = PBXResourcesBuildPhase;
			buildActionMask = 2147483647;
			files = (
			);
			runOnlyForDeploymentPostprocessing = 0;
		};
/* End PBXResourcesBuildPhase section */

/* Begin PBXShellScriptBuildPhase section */
		03D278F68DC61F4363EBC3DD /* [CP] Copy Pods Resources */ = {
			isa = PBXShellScriptBuildPhase;
			buildActionMask = 2147483647;
			files = (
			);
			inputFileListPaths = (
			);
			inputPaths = (
			);
			name = "[CP] Copy Pods Resources";
			outputFileListPaths = (
			);
			outputPaths = (
			);
			runOnlyForDeploymentPostprocessing = 0;
			shellPath = /bin/sh;
			shellScript = "\"${SRCROOT}/Pods/Target Support Files/Pods-TextFieldsCatalogTests/Pods-TextFieldsCatalogTests-resources.sh\"\n";
			showEnvVarsInLog = 0;
		};
		2BB9C98E4B1DC82F24657D6B /* [CP] Check Pods Manifest.lock */ = {
			isa = PBXShellScriptBuildPhase;
			buildActionMask = 2147483647;
			files = (
			);
			inputFileListPaths = (
			);
			inputPaths = (
				"${PODS_PODFILE_DIR_PATH}/Podfile.lock",
				"${PODS_ROOT}/Manifest.lock",
			);
			name = "[CP] Check Pods Manifest.lock";
			outputFileListPaths = (
			);
			outputPaths = (
				"$(DERIVED_FILE_DIR)/Pods-TextFieldsCatalogTests-checkManifestLockResult.txt",
			);
			runOnlyForDeploymentPostprocessing = 0;
			shellPath = /bin/sh;
			shellScript = "diff \"${PODS_PODFILE_DIR_PATH}/Podfile.lock\" \"${PODS_ROOT}/Manifest.lock\" > /dev/null\nif [ $? != 0 ] ; then\n    # print error to STDERR\n    echo \"error: The sandbox is not in sync with the Podfile.lock. Run 'pod install' or update your CocoaPods installation.\" >&2\n    exit 1\nfi\n# This output is used by Xcode 'outputs' to avoid re-running this script phase.\necho \"SUCCESS\" > \"${SCRIPT_OUTPUT_FILE_0}\"\n";
			showEnvVarsInLog = 0;
		};
		4139A5BD250F1AE565AC5035 /* [CP] Check Pods Manifest.lock */ = {
			isa = PBXShellScriptBuildPhase;
			buildActionMask = 2147483647;
			files = (
			);
			inputFileListPaths = (
			);
			inputPaths = (
				"${PODS_PODFILE_DIR_PATH}/Podfile.lock",
				"${PODS_ROOT}/Manifest.lock",
			);
			name = "[CP] Check Pods Manifest.lock";
			outputFileListPaths = (
			);
			outputPaths = (
				"$(DERIVED_FILE_DIR)/Pods-TextFieldsCatalog-checkManifestLockResult.txt",
			);
			runOnlyForDeploymentPostprocessing = 0;
			shellPath = /bin/sh;
			shellScript = "diff \"${PODS_PODFILE_DIR_PATH}/Podfile.lock\" \"${PODS_ROOT}/Manifest.lock\" > /dev/null\nif [ $? != 0 ] ; then\n    # print error to STDERR\n    echo \"error: The sandbox is not in sync with the Podfile.lock. Run 'pod install' or update your CocoaPods installation.\" >&2\n    exit 1\nfi\n# This output is used by Xcode 'outputs' to avoid re-running this script phase.\necho \"SUCCESS\" > \"${SCRIPT_OUTPUT_FILE_0}\"\n";
			showEnvVarsInLog = 0;
		};
		8A19ADD096FC6F67F367D62F /* [CP] Embed Pods Frameworks */ = {
			isa = PBXShellScriptBuildPhase;
			buildActionMask = 2147483647;
			files = (
			);
			inputFileListPaths = (
			);
			inputPaths = (
				"${SRCROOT}/Pods/Target Support Files/Pods-TextFieldsCatalogTests/Pods-TextFieldsCatalogTests-frameworks.sh",
				"${BUILT_PRODUCTS_DIR}/InputMask/InputMask.framework",
			);
			name = "[CP] Embed Pods Frameworks";
			outputFileListPaths = (
			);
			outputPaths = (
				"${TARGET_BUILD_DIR}/${FRAMEWORKS_FOLDER_PATH}/InputMask.framework",
			);
			runOnlyForDeploymentPostprocessing = 0;
			shellPath = /bin/sh;
			shellScript = "\"${SRCROOT}/Pods/Target Support Files/Pods-TextFieldsCatalogTests/Pods-TextFieldsCatalogTests-frameworks.sh\"\n";
			showEnvVarsInLog = 0;
		};
		9038641121FF5EEE00BAA761 /* SwiftGen Script */ = {
			isa = PBXShellScriptBuildPhase;
			buildActionMask = 2147483647;
			files = (
			);
			inputFileListPaths = (
			);
			inputPaths = (
			);
			name = "SwiftGen Script";
			outputFileListPaths = (
			);
			outputPaths = (
			);
			runOnlyForDeploymentPostprocessing = 0;
			shellPath = /bin/sh;
			shellScript = "\"$PODS_ROOT\"/SwiftGen/bin/swiftgen\n";
		};
		9038641221FF5F0800BAA761 /* SwiftLint Script */ = {
			isa = PBXShellScriptBuildPhase;
			buildActionMask = 2147483647;
			files = (
			);
			inputFileListPaths = (
			);
			inputPaths = (
			);
			name = "SwiftLint Script";
			outputFileListPaths = (
			);
			outputPaths = (
			);
			runOnlyForDeploymentPostprocessing = 0;
			shellPath = /bin/sh;
			shellScript = "\"${PODS_ROOT}/SwiftLint/swiftlint\"\n";
		};
		BB4A81776765467C09ECAD6A /* [CP] Copy Pods Resources */ = {
			isa = PBXShellScriptBuildPhase;
			buildActionMask = 2147483647;
			files = (
			);
			inputFileListPaths = (
			);
			inputPaths = (
			);
			name = "[CP] Copy Pods Resources";
			outputFileListPaths = (
			);
			outputPaths = (
			);
			runOnlyForDeploymentPostprocessing = 0;
			shellPath = /bin/sh;
			shellScript = "\"${SRCROOT}/Pods/Target Support Files/Pods-TextFieldsCatalog/Pods-TextFieldsCatalog-resources.sh\"\n";
			showEnvVarsInLog = 0;
		};
/* End PBXShellScriptBuildPhase section */

/* Begin PBXSourcesBuildPhase section */
		903863D121FF550D00BAA761 /* Sources */ = {
			isa = PBXSourcesBuildPhase;
			buildActionMask = 2147483647;
			files = (
				902CE2FA21FF710400AC21D4 /* TextFieldConfigurations.swift in Sources */,
				9038640221FF595300BAA761 /* UIImage.swift in Sources */,
				902CE2F321FF70B000AC21D4 /* MaskTextFieldFormatter.swift in Sources */,
				902CE2F521FF70C500AC21D4 /* TextFieldValidator.swift in Sources */,
				9038641621FF5FB500BAA761 /* Assets.swift in Sources */,
				902CE2EF21FF702F00AC21D4 /* SharedRegex.swift in Sources */,
				903863FE21FF590700BAA761 /* Color.swift in Sources */,
				902CE2FD21FF712900AC21D4 /* BorderedTextField.swift in Sources */,
				9038640C21FF5A0100BAA761 /* ResetableField.swift in Sources */,
				9038640821FF59BC00BAA761 /* InnerTextField.swift in Sources */,
				9038640421FF597600BAA761 /* CommonButton.swift in Sources */,
				9038640E21FF5A1300BAA761 /* TextFieldValidation.swift in Sources */,
				9038640621FF599D00BAA761 /* InnerDesignableView.swift in Sources */,
				9038640021FF592100BAA761 /* UIColor.swift in Sources */,
				9038641021FF5A3600BAA761 /* IconButton.swift in Sources */,
				902CE30221FF719B00AC21D4 /* UnderlinedTextField.swift in Sources */,
				902CE2F821FF70E500AC21D4 /* ConfigurationParameters.swift in Sources */,
				902CE2ED21FF6D9C00AC21D4 /* Strings.swift in Sources */,
				902CE2F121FF707E00AC21D4 /* FormatterMasks.swift in Sources */,
				9038640A21FF59D300BAA761 /* Foundation.swift in Sources */,
			);
			runOnlyForDeploymentPostprocessing = 0;
		};
		903863DA21FF550D00BAA761 /* Sources */ = {
			isa = PBXSourcesBuildPhase;
			buildActionMask = 2147483647;
			files = (
				903863E421FF550D00BAA761 /* TextFieldsCatalogTests.swift in Sources */,
			);
			runOnlyForDeploymentPostprocessing = 0;
		};
/* End PBXSourcesBuildPhase section */

/* Begin PBXTargetDependency section */
		903863E121FF550D00BAA761 /* PBXTargetDependency */ = {
			isa = PBXTargetDependency;
			target = 903863D421FF550D00BAA761 /* TextFieldsCatalog */;
			targetProxy = 903863E021FF550D00BAA761 /* PBXContainerItemProxy */;
		};
/* End PBXTargetDependency section */

/* Begin PBXVariantGroup section */
		902CE2EA21FF6D6D00AC21D4 /* Localizable.strings */ = {
			isa = PBXVariantGroup;
			children = (
				902CE2E921FF6D6D00AC21D4 /* en */,
				902CE2EB21FF6D7D00AC21D4 /* ru */,
			);
			name = Localizable.strings;
			sourceTree = "<group>";
		};
/* End PBXVariantGroup section */

/* Begin XCBuildConfiguration section */
		903863E721FF550D00BAA761 /* Debug */ = {
			isa = XCBuildConfiguration;
			buildSettings = {
				ALWAYS_SEARCH_USER_PATHS = NO;
				CLANG_ANALYZER_LOCALIZABILITY_NONLOCALIZED = YES;
				CLANG_ANALYZER_NONNULL = YES;
				CLANG_ANALYZER_NUMBER_OBJECT_CONVERSION = YES_AGGRESSIVE;
				CLANG_CXX_LANGUAGE_STANDARD = "gnu++14";
				CLANG_CXX_LIBRARY = "libc++";
				CLANG_ENABLE_MODULES = YES;
				CLANG_ENABLE_OBJC_ARC = YES;
				CLANG_ENABLE_OBJC_WEAK = YES;
				CLANG_WARN_BLOCK_CAPTURE_AUTORELEASING = YES;
				CLANG_WARN_BOOL_CONVERSION = YES;
				CLANG_WARN_COMMA = YES;
				CLANG_WARN_CONSTANT_CONVERSION = YES;
				CLANG_WARN_DEPRECATED_OBJC_IMPLEMENTATIONS = YES;
				CLANG_WARN_DIRECT_OBJC_ISA_USAGE = YES_ERROR;
				CLANG_WARN_DOCUMENTATION_COMMENTS = YES;
				CLANG_WARN_EMPTY_BODY = YES;
				CLANG_WARN_ENUM_CONVERSION = YES;
				CLANG_WARN_INFINITE_RECURSION = YES;
				CLANG_WARN_INT_CONVERSION = YES;
				CLANG_WARN_NON_LITERAL_NULL_CONVERSION = YES;
				CLANG_WARN_OBJC_IMPLICIT_RETAIN_SELF = YES;
				CLANG_WARN_OBJC_LITERAL_CONVERSION = YES;
				CLANG_WARN_OBJC_ROOT_CLASS = YES_ERROR;
				CLANG_WARN_RANGE_LOOP_ANALYSIS = YES;
				CLANG_WARN_STRICT_PROTOTYPES = YES;
				CLANG_WARN_SUSPICIOUS_MOVE = YES;
				CLANG_WARN_UNGUARDED_AVAILABILITY = YES_AGGRESSIVE;
				CLANG_WARN_UNREACHABLE_CODE = YES;
				CLANG_WARN__DUPLICATE_METHOD_MATCH = YES;
				CODE_SIGN_IDENTITY = "iPhone Developer";
				COPY_PHASE_STRIP = NO;
				CURRENT_PROJECT_VERSION = 1;
				DEBUG_INFORMATION_FORMAT = dwarf;
				ENABLE_STRICT_OBJC_MSGSEND = YES;
				ENABLE_TESTABILITY = YES;
				GCC_C_LANGUAGE_STANDARD = gnu11;
				GCC_DYNAMIC_NO_PIC = NO;
				GCC_NO_COMMON_BLOCKS = YES;
				GCC_OPTIMIZATION_LEVEL = 0;
				GCC_PREPROCESSOR_DEFINITIONS = (
					"DEBUG=1",
					"$(inherited)",
				);
				GCC_WARN_64_TO_32_BIT_CONVERSION = YES;
				GCC_WARN_ABOUT_RETURN_TYPE = YES_ERROR;
				GCC_WARN_UNDECLARED_SELECTOR = YES;
				GCC_WARN_UNINITIALIZED_AUTOS = YES_AGGRESSIVE;
				GCC_WARN_UNUSED_FUNCTION = YES;
				GCC_WARN_UNUSED_VARIABLE = YES;
				IPHONEOS_DEPLOYMENT_TARGET = 12.1;
				MTL_ENABLE_DEBUG_INFO = INCLUDE_SOURCE;
				MTL_FAST_MATH = YES;
				ONLY_ACTIVE_ARCH = YES;
				SDKROOT = iphoneos;
				SWIFT_ACTIVE_COMPILATION_CONDITIONS = DEBUG;
				SWIFT_OPTIMIZATION_LEVEL = "-Onone";
				VERSIONING_SYSTEM = "apple-generic";
				VERSION_INFO_PREFIX = "";
			};
			name = Debug;
		};
		903863E821FF550D00BAA761 /* Release */ = {
			isa = XCBuildConfiguration;
			buildSettings = {
				ALWAYS_SEARCH_USER_PATHS = NO;
				CLANG_ANALYZER_LOCALIZABILITY_NONLOCALIZED = YES;
				CLANG_ANALYZER_NONNULL = YES;
				CLANG_ANALYZER_NUMBER_OBJECT_CONVERSION = YES_AGGRESSIVE;
				CLANG_CXX_LANGUAGE_STANDARD = "gnu++14";
				CLANG_CXX_LIBRARY = "libc++";
				CLANG_ENABLE_MODULES = YES;
				CLANG_ENABLE_OBJC_ARC = YES;
				CLANG_ENABLE_OBJC_WEAK = YES;
				CLANG_WARN_BLOCK_CAPTURE_AUTORELEASING = YES;
				CLANG_WARN_BOOL_CONVERSION = YES;
				CLANG_WARN_COMMA = YES;
				CLANG_WARN_CONSTANT_CONVERSION = YES;
				CLANG_WARN_DEPRECATED_OBJC_IMPLEMENTATIONS = YES;
				CLANG_WARN_DIRECT_OBJC_ISA_USAGE = YES_ERROR;
				CLANG_WARN_DOCUMENTATION_COMMENTS = YES;
				CLANG_WARN_EMPTY_BODY = YES;
				CLANG_WARN_ENUM_CONVERSION = YES;
				CLANG_WARN_INFINITE_RECURSION = YES;
				CLANG_WARN_INT_CONVERSION = YES;
				CLANG_WARN_NON_LITERAL_NULL_CONVERSION = YES;
				CLANG_WARN_OBJC_IMPLICIT_RETAIN_SELF = YES;
				CLANG_WARN_OBJC_LITERAL_CONVERSION = YES;
				CLANG_WARN_OBJC_ROOT_CLASS = YES_ERROR;
				CLANG_WARN_RANGE_LOOP_ANALYSIS = YES;
				CLANG_WARN_STRICT_PROTOTYPES = YES;
				CLANG_WARN_SUSPICIOUS_MOVE = YES;
				CLANG_WARN_UNGUARDED_AVAILABILITY = YES_AGGRESSIVE;
				CLANG_WARN_UNREACHABLE_CODE = YES;
				CLANG_WARN__DUPLICATE_METHOD_MATCH = YES;
				CODE_SIGN_IDENTITY = "iPhone Developer";
				COPY_PHASE_STRIP = NO;
				CURRENT_PROJECT_VERSION = 1;
				DEBUG_INFORMATION_FORMAT = "dwarf-with-dsym";
				ENABLE_NS_ASSERTIONS = NO;
				ENABLE_STRICT_OBJC_MSGSEND = YES;
				GCC_C_LANGUAGE_STANDARD = gnu11;
				GCC_NO_COMMON_BLOCKS = YES;
				GCC_WARN_64_TO_32_BIT_CONVERSION = YES;
				GCC_WARN_ABOUT_RETURN_TYPE = YES_ERROR;
				GCC_WARN_UNDECLARED_SELECTOR = YES;
				GCC_WARN_UNINITIALIZED_AUTOS = YES_AGGRESSIVE;
				GCC_WARN_UNUSED_FUNCTION = YES;
				GCC_WARN_UNUSED_VARIABLE = YES;
				IPHONEOS_DEPLOYMENT_TARGET = 12.1;
				MTL_ENABLE_DEBUG_INFO = NO;
				MTL_FAST_MATH = YES;
				SDKROOT = iphoneos;
				SWIFT_COMPILATION_MODE = wholemodule;
				SWIFT_OPTIMIZATION_LEVEL = "-O";
				VALIDATE_PRODUCT = YES;
				VERSIONING_SYSTEM = "apple-generic";
				VERSION_INFO_PREFIX = "";
			};
			name = Release;
		};
		903863EA21FF550D00BAA761 /* Debug */ = {
			isa = XCBuildConfiguration;
			baseConfigurationReference = C85FAD03B2BFDDF9E9787A91 /* Pods-TextFieldsCatalog.debug.xcconfig */;
			buildSettings = {
				CLANG_ENABLE_MODULES = YES;
				CODE_SIGN_IDENTITY = "";
				CODE_SIGN_STYLE = Automatic;
				DEFINES_MODULE = YES;
				DEVELOPMENT_TEAM = B9639RHZFT;
				DYLIB_COMPATIBILITY_VERSION = 1;
				DYLIB_CURRENT_VERSION = 1;
				DYLIB_INSTALL_NAME_BASE = "@rpath";
				INFOPLIST_FILE = TextFieldsCatalog/Info.plist;
				INSTALL_PATH = "$(LOCAL_LIBRARY_DIR)/Frameworks";
				IPHONEOS_DEPLOYMENT_TARGET = 10.0;
				LD_RUNPATH_SEARCH_PATHS = (
					"$(inherited)",
					"@executable_path/Frameworks",
					"@loader_path/Frameworks",
				);
				PRODUCT_BUNDLE_IDENTIFIER = surf.TextFieldsCatalog;
				PRODUCT_NAME = "$(TARGET_NAME:c99extidentifier)";
				SKIP_INSTALL = YES;
				SWIFT_OPTIMIZATION_LEVEL = "-Onone";
				SWIFT_VERSION = 4.2;
				TARGETED_DEVICE_FAMILY = "1,2";
			};
			name = Debug;
		};
		903863EB21FF550D00BAA761 /* Release */ = {
			isa = XCBuildConfiguration;
			baseConfigurationReference = 2544D9C7000E4E9EEFE58E84 /* Pods-TextFieldsCatalog.release.xcconfig */;
			buildSettings = {
				CLANG_ENABLE_MODULES = YES;
				CODE_SIGN_IDENTITY = "";
				CODE_SIGN_STYLE = Automatic;
				DEFINES_MODULE = YES;
				DEVELOPMENT_TEAM = B9639RHZFT;
				DYLIB_COMPATIBILITY_VERSION = 1;
				DYLIB_CURRENT_VERSION = 1;
				DYLIB_INSTALL_NAME_BASE = "@rpath";
				INFOPLIST_FILE = TextFieldsCatalog/Info.plist;
				INSTALL_PATH = "$(LOCAL_LIBRARY_DIR)/Frameworks";
				IPHONEOS_DEPLOYMENT_TARGET = 10.0;
				LD_RUNPATH_SEARCH_PATHS = (
					"$(inherited)",
					"@executable_path/Frameworks",
					"@loader_path/Frameworks",
				);
				PRODUCT_BUNDLE_IDENTIFIER = surf.TextFieldsCatalog;
				PRODUCT_NAME = "$(TARGET_NAME:c99extidentifier)";
				SKIP_INSTALL = YES;
				SWIFT_VERSION = 4.2;
				TARGETED_DEVICE_FAMILY = "1,2";
			};
			name = Release;
		};
		903863ED21FF550D00BAA761 /* Debug */ = {
			isa = XCBuildConfiguration;
			baseConfigurationReference = E30534D5194689C73C18CE1A /* Pods-TextFieldsCatalogTests.debug.xcconfig */;
			buildSettings = {
				ALWAYS_EMBED_SWIFT_STANDARD_LIBRARIES = YES;
				CODE_SIGN_STYLE = Automatic;
				DEVELOPMENT_TEAM = B9639RHZFT;
				INFOPLIST_FILE = TextFieldsCatalogTests/Info.plist;
				LD_RUNPATH_SEARCH_PATHS = (
					"$(inherited)",
					"@executable_path/Frameworks",
					"@loader_path/Frameworks",
				);
				PRODUCT_BUNDLE_IDENTIFIER = surf.TextFieldsCatalogTests;
				PRODUCT_NAME = "$(TARGET_NAME)";
				SWIFT_VERSION = 4.2;
				TARGETED_DEVICE_FAMILY = "1,2";
			};
			name = Debug;
		};
		903863EE21FF550D00BAA761 /* Release */ = {
			isa = XCBuildConfiguration;
			baseConfigurationReference = 2E9721A780F7BB9DF0720B41 /* Pods-TextFieldsCatalogTests.release.xcconfig */;
			buildSettings = {
				ALWAYS_EMBED_SWIFT_STANDARD_LIBRARIES = YES;
				CODE_SIGN_STYLE = Automatic;
				DEVELOPMENT_TEAM = B9639RHZFT;
				INFOPLIST_FILE = TextFieldsCatalogTests/Info.plist;
				LD_RUNPATH_SEARCH_PATHS = (
					"$(inherited)",
					"@executable_path/Frameworks",
					"@loader_path/Frameworks",
				);
				PRODUCT_BUNDLE_IDENTIFIER = surf.TextFieldsCatalogTests;
				PRODUCT_NAME = "$(TARGET_NAME)";
				SWIFT_VERSION = 4.2;
				TARGETED_DEVICE_FAMILY = "1,2";
			};
			name = Release;
		};
/* End XCBuildConfiguration section */

/* Begin XCConfigurationList section */
		903863CF21FF550D00BAA761 /* Build configuration list for PBXProject "TextFieldsCatalog" */ = {
			isa = XCConfigurationList;
			buildConfigurations = (
				903863E721FF550D00BAA761 /* Debug */,
				903863E821FF550D00BAA761 /* Release */,
			);
			defaultConfigurationIsVisible = 0;
			defaultConfigurationName = Release;
		};
		903863E921FF550D00BAA761 /* Build configuration list for PBXNativeTarget "TextFieldsCatalog" */ = {
			isa = XCConfigurationList;
			buildConfigurations = (
				903863EA21FF550D00BAA761 /* Debug */,
				903863EB21FF550D00BAA761 /* Release */,
			);
			defaultConfigurationIsVisible = 0;
			defaultConfigurationName = Release;
		};
		903863EC21FF550D00BAA761 /* Build configuration list for PBXNativeTarget "TextFieldsCatalogTests" */ = {
			isa = XCConfigurationList;
			buildConfigurations = (
				903863ED21FF550D00BAA761 /* Debug */,
				903863EE21FF550D00BAA761 /* Release */,
			);
			defaultConfigurationIsVisible = 0;
			defaultConfigurationName = Release;
		};
/* End XCConfigurationList section */
	};
	rootObject = 903863CC21FF550D00BAA761 /* Project object */;
}
